{
  "version": 4,
  "terraform_version": "1.6.2",
  "serial": 31,
  "lineage": "9e693a99-f0e4-74d8-e296-685aef08fe9f",
  "outputs": {},
  "resources": [
    {
      "mode": "managed",
      "type": "vultr_instance",
      "name": "instance",
      "provider": "provider[\"registry.terraform.io/vultr/vultr\"]",
      "instances": [
        {
          "index_key": "ariamsterdam",
          "schema_version": 0,
          "attributes": {
            "activation_email": false,
            "allowed_bandwidth": 4,
            "app_id": 0,
            "backups": "disabled",
            "backups_schedule": [],
            "date_created": "2023-11-13T17:30:45+00:00",
            "ddos_protection": false,
            "default_password": "z3=F!uDmnQVa{yLo",
            "disk": 80,
            "enable_ipv6": true,
            "features": [
              "ipv6"
            ],
            "firewall_group_id": "",
            "gateway_v4": "45.77.138.1",
            "hostname": "ariamsterdam",
            "id": "abd9cdaf-859e-4eac-8d28-8fc33cfe2c98",
            "image_id": null,
            "internal_ip": "",
            "iso_id": null,
            "kvm": "https://my.vultr.com/subs/vps/novnc/api.php?data=djJ8M2xqejRxV2VzZEF3dFdjeFFSdF9KMDV6N3lTdkJ0RzF8o4lac53moSLremTnBJwL01n9p81-0cJnJY0ccXuxBHqqWVOcfKY7FTZDiV0tkpQDXvKFAumtarNy0ioNfY3DBwT5Iz8gdoYuCcWPMBd7W5A3zCTecw6vRYTe_b7zAdja19f-WYz_tWC5h_z3-7SzTPOo7bsE9caMsXWN4LSnPL2EHZ7SLZQj9HEWs9CVojCEuzNifxzuOX9GLeQQjDI",
            "label": "ariamsterdam",
            "main_ip": "45.77.138.123",
            "netmask_v4": "255.255.254.0",
            "os": "Ubuntu 22.04 x64",
            "os_id": 1743,
            "plan": "vc2-2c-4gb",
            "power_status": "running",
            "private_network_ids": [],
            "ram": 4096,
            "region": "ams",
            "reserved_ip_id": null,
            "script_id": null,
            "server_status": "installingbooting",
            "snapshot_id": null,
            "ssh_key_ids": [
              "7dac9cd6-3c0e-482c-915f-83ade3d840d4"
            ],
            "status": "active",
            "tag": "",
            "tags": null,
            "timeouts": null,
            "user_data": null,
            "v6_main_ip": "2001:19f0:5001:13e7:5400:04ff:fea5:9738",
            "v6_network": "2001:19f0:5001:13e7::",
            "v6_network_size": 64,
            "vcpu_count": 2,
            "vpc_ids": []
          },
          "sensitive_attributes": [],
          "private": "eyJlMmJmYjczMC1lY2FhLTExZTYtOGY4OC0zNDM2M2JjN2M0YzAiOnsiY3JlYXRlIjozNjAwMDAwMDAwMDAwLCJ1cGRhdGUiOjM2MDAwMDAwMDAwMDB9fQ=="
        },
        {
          "index_key": "ariatlanta",
          "schema_version": 0,
          "attributes": {
            "activation_email": false,
            "allowed_bandwidth": 4,
            "app_id": 0,
            "backups": "disabled",
            "backups_schedule": [],
            "date_created": "2023-11-13T17:28:21+00:00",
            "ddos_protection": false,
            "default_password": "@Z4snC*R=2cP2Mc=",
            "disk": 80,
            "enable_ipv6": true,
            "features": [
              "ipv6"
            ],
            "firewall_group_id": "",
            "gateway_v4": "155.138.192.1",
            "hostname": "ariatlanta",
            "id": "9e3db2b5-9cce-4f0d-abaf-86868f65507b",
            "image_id": null,
            "internal_ip": "",
            "iso_id": null,
            "kvm": "https://my.vultr.com/subs/vps/novnc/api.php?data=djJ8dGJic2pGZG42V3RJRnVPQ3Zsd3lOYTlfQUg1Z1lVelN8ARmNR77M5KRGcYg8JM5bEs2hXVkunV8KHwGuN9OCT0pCvFKZmF8tZp-J_tayALutrPtc7R46qvsqbzNad-C5sctKHtzKZW0a4r5imcezZiT7oVMgvRhxAVZ06kOL_61vhNLKNxi70-l25CHi5hzsWqxabG67Wkx3tsAQtHqLlF9Eaj3q9LXhPCU7nEl_vJXIlmVPQkhJuy_Bfy4V",
            "label": "ariatlanta",
            "main_ip": "155.138.192.226",
            "netmask_v4": "255.255.254.0",
            "os": "Ubuntu 22.04 x64",
            "os_id": 1743,
            "plan": "vc2-2c-4gb",
            "power_status": "running",
            "private_network_ids": [],
            "ram": 4096,
            "region": "atl",
            "reserved_ip_id": null,
            "script_id": null,
            "server_status": "installingbooting",
            "snapshot_id": null,
            "ssh_key_ids": [
              "7dac9cd6-3c0e-482c-915f-83ade3d840d4"
            ],
            "status": "active",
            "tag": "",
            "tags": null,
            "timeouts": null,
            "user_data": null,
            "v6_main_ip": "2001:19f0:5401:16ac:5400:04ff:fea5:9705",
            "v6_network": "2001:19f0:5401:16ac::",
            "v6_network_size": 64,
            "vcpu_count": 2,
            "vpc_ids": []
          },
          "sensitive_attributes": [],
          "private": "eyJlMmJmYjczMC1lY2FhLTExZTYtOGY4OC0zNDM2M2JjN2M0YzAiOnsiY3JlYXRlIjozNjAwMDAwMDAwMDAwLCJ1cGRhdGUiOjM2MDAwMDAwMDAwMDB9fQ=="
        },
        {
          "index_key": "aribangalore",
          "schema_version": 0,
          "attributes": {
            "activation_email": false,
            "allowed_bandwidth": 4,
            "app_id": 0,
            "backups": "disabled",
            "backups_schedule": [],
            "date_created": "2023-11-13T17:29:44+00:00",
            "ddos_protection": false,
            "default_password": "5y%PGcBp7_U(*Rd$",
            "disk": 80,
            "enable_ipv6": true,
            "features": [
              "ipv6"
            ],
            "firewall_group_id": "",
            "gateway_v4": "139.84.132.1",
            "hostname": "aribangalore",
            "id": "db3aa5cc-2de4-4ed8-af13-bdc8546e3dd8",
            "image_id": null,
            "internal_ip": "",
            "iso_id": null,
            "kvm": "https://my.vultr.com/subs/vps/novnc/api.php?data=djJ8b0N2UFpoMWFZU1drSC1ib2d5b2s0VFVJdjl2TklVTFp81cqQLTzqaabsi-SZRNDqUhqXw1qMbKyonZp_NWohPW7uqhxj4X692XXWYwmbTAb8BcCqJTiJc6dQd83JdOSR0brk6HFP2Te9eMrVHSikuuk6_hBS4TSklgnvEv5kDwheURSYVewXNkAmicATYN9B4tnigitjH1KnT5_xj-GcZKINtY7xgEFcfgRUIwwigTLPHU5ZfuqVDaIqsfqcBg",
            "label": "aribangalore",
            "main_ip": "139.84.133.45",
            "netmask_v4": "255.255.254.0",
            "os": "Ubuntu 22.04 x64",
            "os_id": 1743,
            "plan": "vc2-2c-4gb",
            "power_status": "running",
            "private_network_ids": [],
            "ram": 4096,
            "region": "blr",
            "reserved_ip_id": null,
            "script_id": null,
            "server_status": "installingbooting",
            "snapshot_id": null,
            "ssh_key_ids": [
              "7dac9cd6-3c0e-482c-915f-83ade3d840d4"
            ],
            "status": "active",
            "tag": "",
            "tags": null,
            "timeouts": null,
            "user_data": null,
            "v6_main_ip": "2401:c080:3000:206f:5400:04ff:fea5:9721",
            "v6_network": "2401:c080:3000:206f::",
            "v6_network_size": 64,
            "vcpu_count": 2,
            "vpc_ids": []
          },
          "sensitive_attributes": [],
          "private": "eyJlMmJmYjczMC1lY2FhLTExZTYtOGY4OC0zNDM2M2JjN2M0YzAiOnsiY3JlYXRlIjozNjAwMDAwMDAwMDAwLCJ1cGRhdGUiOjM2MDAwMDAwMDAwMDB9fQ=="
        },
        {
          "index_key": "arichicago",
          "schema_version": 0,
          "attributes": {
            "activation_email": false,
            "allowed_bandwidth": 4,
            "app_id": 0,
            "backups": "disabled",
            "backups_schedule": [],
            "date_created": "2023-11-13T17:28:21+00:00",
            "ddos_protection": false,
            "default_password": "2Mp]qB!*oPyU?cix",
            "disk": 80,
            "enable_ipv6": true,
            "features": [
              "ipv6"
            ],
            "firewall_group_id": "",
            "gateway_v4": "149.28.126.1",
            "hostname": "arichicago",
            "id": "6d779072-4577-4400-a48f-57502acaa73b",
            "image_id": null,
            "internal_ip": "",
            "iso_id": null,
            "kvm": "https://my.vultr.com/subs/vps/novnc/api.php?data=djJ8bUN1dmVmd1ZKWVZjMXFtSmZoUGl3UHB5dzJEWjF6WDN8p3axw-6Hdq665mvVcbsVJWeEidEs-VCVvC-aw7RNkD3MiDYsUw_3Xj2qRa5osH68t-QplwXUypS6gUncZLhvKLG1oDEk8tYPW9M8zR87n6vHnDnEG2h_dgeUDIxySM-RJJf8OAfUdTdxaX3TcN_5R-diL_NcZR-HCDsSZmLH3w5Jg6i0CxGsE3sbtrTVgk9QUBEoUKIE6KLxqhsV",
            "label": "arichicago",
            "main_ip": "149.28.127.49",
            "netmask_v4": "255.255.254.0",
            "os": "Ubuntu 22.04 x64",
            "os_id": 1743,
            "plan": "vc2-2c-4gb",
            "power_status": "running",
            "private_network_ids": [],
            "ram": 4096,
            "region": "ord",
            "reserved_ip_id": null,
            "script_id": null,
            "server_status": "installingbooting",
            "snapshot_id": null,
            "ssh_key_ids": [
              "7dac9cd6-3c0e-482c-915f-83ade3d840d4"
            ],
            "status": "active",
            "tag": "",
            "tags": null,
            "timeouts": null,
            "user_data": null,
            "v6_main_ip": "2001:19f0:5c01:18e8:5400:04ff:fea5:9706",
            "v6_network": "2001:19f0:5c01:18e8::",
            "v6_network_size": 64,
            "vcpu_count": 2,
            "vpc_ids": []
          },
          "sensitive_attributes": [],
          "private": "eyJlMmJmYjczMC1lY2FhLTExZTYtOGY4OC0zNDM2M2JjN2M0YzAiOnsiY3JlYXRlIjozNjAwMDAwMDAwMDAwLCJ1cGRhdGUiOjM2MDAwMDAwMDAwMDB9fQ=="
        },
        {
          "index_key": "aridallas",
          "schema_version": 0,
          "attributes": {
            "activation_email": false,
            "allowed_bandwidth": 4,
            "app_id": 0,
            "backups": "disabled",
            "backups_schedule": [],
            "date_created": "2023-11-13T17:29:33+00:00",
            "ddos_protection": false,
            "default_password": "Rr2[k7p+N*4s26yj",
            "disk": 80,
            "enable_ipv6": true,
            "features": [
              "ipv6"
            ],
            "firewall_group_id": "",
            "gateway_v4": "144.202.72.1",
            "hostname": "aridallas",
            "id": "03abec84-fea2-47fc-a931-082165632330",
            "image_id": null,
            "internal_ip": "",
            "iso_id": null,
            "kvm": "https://my.vultr.com/subs/vps/novnc/api.php?data=djJ8OFJKT1kzUHJMRm02SUhFcVB6WVBNSU1rMFU3TU9uTTR8A6-mNYukBYvpUB9R1rHmS25tmXWsFU69-pROvDwINSUomzwHL5isCAu73usa5OKD2zRJDyiA-CgJjbJzsZFq6YWyyKgntXj7OrC-GDyfeONGdLymTbVEpgVLKzwp7bqwjOlwjn4dsHwXRzfeKPuI13p1qiNfBKye1Z1n0Z8B1ffqoYdXsDLNlb7MUcKALbOMd05J2RjflKYD_Q",
            "label": "aridallas",
            "main_ip": "144.202.72.180",
            "netmask_v4": "255.255.254.0",
            "os": "Ubuntu 22.04 x64",
            "os_id": 1743,
            "plan": "vc2-2c-4gb",
            "power_status": "running",
            "private_network_ids": [],
            "ram": 4096,
            "region": "dfw",
            "reserved_ip_id": null,
            "script_id": null,
            "server_status": "installingbooting",
            "snapshot_id": null,
            "ssh_key_ids": [
              "7dac9cd6-3c0e-482c-915f-83ade3d840d4"
            ],
            "status": "active",
            "tag": "",
            "tags": null,
            "timeouts": null,
            "user_data": null,
            "v6_main_ip": "2001:19f0:6401:1e57:5400:04ff:fea5:9718",
            "v6_network": "2001:19f0:6401:1e57::",
            "v6_network_size": 64,
            "vcpu_count": 2,
            "vpc_ids": []
          },
          "sensitive_attributes": [],
          "private": "eyJlMmJmYjczMC1lY2FhLTExZTYtOGY4OC0zNDM2M2JjN2M0YzAiOnsiY3JlYXRlIjozNjAwMDAwMDAwMDAwLCJ1cGRhdGUiOjM2MDAwMDAwMDAwMDB9fQ=="
        },
        {
          "index_key": "arifrance",
          "schema_version": 0,
          "attributes": {
            "activation_email": false,
            "allowed_bandwidth": 4,
            "app_id": 0,
            "backups": "disabled",
            "backups_schedule": [],
            "date_created": "2023-11-13T17:28:21+00:00",
            "ddos_protection": false,
            "default_password": "g,2BaXf-A-g*nAkG",
            "disk": 80,
            "enable_ipv6": true,
            "features": [
              "ipv6"
            ],
            "firewall_group_id": "",
            "gateway_v4": "80.240.28.1",
            "hostname": "arifrance",
            "id": "b2768b3d-f2eb-4d76-adb1-9d0d72288422",
            "image_id": null,
            "internal_ip": "",
            "iso_id": null,
            "kvm": "https://my.vultr.com/subs/vps/novnc/api.php?data=djJ8MTBPbVdHeFBTMDhGSGpsV1d6UEVkMk1LQWx0NGhzLUh8Mk9ozr1yAYHcLdmGxFTa7226vvhn9Pl41fdUBOsVre7JYeMeDkm4tXlZNcHA8u_TE62v6If0qM-gsruDrjVWYUwQG8-KbvTLxEVIkFrxp2ujintolfQXWk-ss4TDPoX6Tjl0Yq8KPV1r8Q_o0tuTuutBxsBebhedsuYlY2vE0LTZYr40LAWURQFrfaUncFlpENERWUe-xirjKG4",
            "label": "arifrance",
            "main_ip": "80.240.28.243",
            "netmask_v4": "255.255.254.0",
            "os": "Ubuntu 22.04 x64",
            "os_id": 1743,
            "plan": "vc2-2c-4gb",
            "power_status": "running",
            "private_network_ids": [],
            "ram": 4096,
            "region": "fra",
            "reserved_ip_id": null,
            "script_id": null,
            "server_status": "installingbooting",
            "snapshot_id": null,
            "ssh_key_ids": [
              "7dac9cd6-3c0e-482c-915f-83ade3d840d4"
            ],
            "status": "active",
            "tag": "",
            "tags": null,
            "timeouts": null,
            "user_data": null,
            "v6_main_ip": "2a05:f480:1800:0686:5400:04ff:fea5:9708",
            "v6_network": "2a05:f480:1800:686::",
            "v6_network_size": 64,
            "vcpu_count": 2,
            "vpc_ids": []
          },
          "sensitive_attributes": [],
          "private": "eyJlMmJmYjczMC1lY2FhLTExZTYtOGY4OC0zNDM2M2JjN2M0YzAiOnsiY3JlYXRlIjozNjAwMDAwMDAwMDAwLCJ1cGRhdGUiOjM2MDAwMDAwMDAwMDB9fQ=="
        },
        {
          "index_key": "arila",
          "schema_version": 0,
          "attributes": {
            "activation_email": false,
            "allowed_bandwidth": 4,
            "app_id": 0,
            "backups": "disabled",
            "backups_schedule": [],
            "date_created": "2023-11-13T17:28:21+00:00",
            "ddos_protection": false,
            "default_password": "b(6GVZwFz7+MdCNw",
            "disk": 80,
            "enable_ipv6": true,
            "features": [
              "ipv6"
            ],
            "firewall_group_id": "",
            "gateway_v4": "45.32.84.1",
            "hostname": "arila",
            "id": "0cabab92-b893-46a8-8a8a-e9f0bdb8185e",
            "image_id": null,
            "internal_ip": "",
            "iso_id": null,
            "kvm": "https://my.vultr.com/subs/vps/novnc/api.php?data=djJ8aUd3ZTJ5S1lhQmdRZ3BtNktBazBkM2lFUTNfX0hLSVd8CfLx1zF6lXWAvSEJqhqkMUnyBhBi2uM-3-TF3_lUuqpQfduVDEC5ipoDgtrtyD67KddI7YPqe0urdMsx9d_3z_QuIST7PtOxbGd8DOriEXAL4_iIelydCW0Qq7RbUrjF7ofBuGMRoJ0xu2cA4LDumKHn0n1Ts7QmC0LuUk_c-PvwYzsnHzquQNO1ax2XMmbifp3m11Ro5g",
            "label": "arila",
            "main_ip": "45.32.87.254",
            "netmask_v4": "255.255.252.0",
            "os": "Ubuntu 22.04 x64",
            "os_id": 1743,
            "plan": "vc2-2c-4gb",
            "power_status": "running",
            "private_network_ids": [],
            "ram": 4096,
            "region": "lax",
            "reserved_ip_id": null,
            "script_id": null,
            "server_status": "installingbooting",
            "snapshot_id": null,
            "ssh_key_ids": [
              "7dac9cd6-3c0e-482c-915f-83ade3d840d4"
            ],
            "status": "active",
            "tag": "",
            "tags": null,
            "timeouts": null,
            "user_data": null,
            "v6_main_ip": "2001:19f0:6000:9287:5400:04ff:fea5:970c",
            "v6_network": "2001:19f0:6000:9287::",
            "v6_network_size": 64,
            "vcpu_count": 2,
            "vpc_ids": []
          },
          "sensitive_attributes": [],
          "private": "eyJlMmJmYjczMC1lY2FhLTExZTYtOGY4OC0zNDM2M2JjN2M0YzAiOnsiY3JlYXRlIjozNjAwMDAwMDAwMDAwLCJ1cGRhdGUiOjM2MDAwMDAwMDAwMDB9fQ=="
        },
        {
          "index_key": "arilondon",
          "schema_version": 0,
          "attributes": {
            "activation_email": false,
            "allowed_bandwidth": 4,
            "app_id": 0,
            "backups": "disabled",
            "backups_schedule": [],
            "date_created": "2023-11-13T17:29:43+00:00",
            "ddos_protection": false,
            "default_password": "2Fg-2LuJVGQ5(PGk",
            "disk": 80,
            "enable_ipv6": true,
            "features": [
              "ipv6"
            ],
            "firewall_group_id": "",
            "gateway_v4": "104.238.170.1",
            "hostname": "arilondon",
            "id": "5d56f081-47ca-4ef3-9ca3-1c4370e1fb53",
            "image_id": null,
            "internal_ip": "",
            "iso_id": null,
            "kvm": "https://my.vultr.com/subs/vps/novnc/api.php?data=djJ8eDh0X3JVeUg5MnRINnUwT1ViemllT2luQldac282Y3B8h-d2bW2ji56rhO4EypwDtDCCoGvh5xNl0efn-sqZtujBMII6Y0RA7ljOx1S8tqOVStd6DtlGIPBWhUbzTxI3-DZCO8jX3_mfNfx9uVh9JPn2D6dN5pF0OzqdnINviWuQ2rl9T2v3c78qXFhTqQPqos5I0221SWirxyjiwy9oXqveEQIoXOxtiqdyQurLnihMnge6FVZ9pwsNen8",
            "label": "arilondon",
            "main_ip": "104.238.171.69",
            "netmask_v4": "255.255.254.0",
            "os": "Ubuntu 22.04 x64",
            "os_id": 1743,
            "plan": "vc2-2c-4gb",
            "power_status": "running",
            "private_network_ids": [],
            "ram": 4096,
            "region": "lhr",
            "reserved_ip_id": null,
            "script_id": null,
            "server_status": "installingbooting",
            "snapshot_id": null,
            "ssh_key_ids": [
              "7dac9cd6-3c0e-482c-915f-83ade3d840d4"
            ],
            "status": "active",
            "tag": "",
            "tags": null,
            "timeouts": null,
            "user_data": null,
            "v6_main_ip": "2001:19f0:7400:1e92:5400:04ff:fea5:9720",
            "v6_network": "2001:19f0:7400:1e92::",
            "v6_network_size": 64,
            "vcpu_count": 2,
            "vpc_ids": []
          },
          "sensitive_attributes": [],
          "private": "eyJlMmJmYjczMC1lY2FhLTExZTYtOGY4OC0zNDM2M2JjN2M0YzAiOnsiY3JlYXRlIjozNjAwMDAwMDAwMDAwLCJ1cGRhdGUiOjM2MDAwMDAwMDAwMDB9fQ=="
        },
        {
          "index_key": "arimadrid",
          "schema_version": 0,
          "attributes": {
            "activation_email": false,
            "allowed_bandwidth": 4,
            "app_id": 0,
            "backups": "disabled",
            "backups_schedule": [],
            "date_created": "2023-11-13T17:30:35+00:00",
            "ddos_protection": false,
            "default_password": ".f9EeyGH}{j}M!S3",
            "disk": 80,
            "enable_ipv6": true,
            "features": [
              "ipv6"
            ],
            "firewall_group_id": "",
            "gateway_v4": "65.20.96.1",
            "hostname": "arimadrid",
            "id": "8c563045-0c34-4f92-8e3e-d406a371155a",
            "image_id": null,
            "internal_ip": "",
            "iso_id": null,
            "kvm": "https://my.vultr.com/subs/vps/novnc/api.php?data=djJ8WlBYNDFtb3ZneVRIaDFsanM2STdjVVVXZnJWaE1xSzR8TIIfLuImn1DDAj4botM54HgjfjRpkBicZvJAUWtqhEn2dOmR5g1FRNwgardyodTBPt2V8v20nmZ0aMrhkzt0FC_osdbdbIFU3QhHZOdtQyibzHrMQI9pYD6nSDEbNDFewPIdNSYNa8BBUDnQkg8aiMXlgGDmjp_PMi6LwTf4iXP9IMeU8ZkTVlGkh8eGdRTKk93EM8oUklGfYdc",
            "label": "arimadrid",
            "main_ip": "65.20.97.101",
            "netmask_v4": "255.255.254.0",
            "os": "Ubuntu 22.04 x64",
            "os_id": 1743,
            "plan": "vc2-2c-4gb",
            "power_status": "running",
            "private_network_ids": [],
            "ram": 4096,
            "region": "mad",
            "reserved_ip_id": null,
            "script_id": null,
            "server_status": "installingbooting",
            "snapshot_id": null,
            "ssh_key_ids": [
              "7dac9cd6-3c0e-482c-915f-83ade3d840d4"
            ],
            "status": "active",
            "tag": "",
            "tags": null,
            "timeouts": null,
            "user_data": null,
            "v6_main_ip": "2a05:f480:2800:1613:5400:04ff:fea5:9734",
            "v6_network": "2a05:f480:2800:1613::",
            "v6_network_size": 64,
            "vcpu_count": 2,
            "vpc_ids": []
          },
          "sensitive_attributes": [],
          "private": "eyJlMmJmYjczMC1lY2FhLTExZTYtOGY4OC0zNDM2M2JjN2M0YzAiOnsiY3JlYXRlIjozNjAwMDAwMDAwMDAwLCJ1cGRhdGUiOjM2MDAwMDAwMDAwMDB9fQ=="
        },
        {
          "index_key": "arimelbourne",
          "schema_version": 0,
          "attributes": {
            "activation_email": false,
            "allowed_bandwidth": 4,
            "app_id": 0,
            "backups": "disabled",
            "backups_schedule": [],
            "date_created": "2023-11-13T17:28:21+00:00",
            "ddos_protection": false,
            "default_password": "5c@F+*E72j95-?Ys",
            "disk": 80,
            "enable_ipv6": true,
            "features": [
              "ipv6"
            ],
            "firewall_group_id": "",
            "gateway_v4": "67.219.104.1",
            "hostname": "arimelbourne",
            "id": "64e6e419-3b80-4dcc-a321-19cfa0446af4",
            "image_id": null,
            "internal_ip": "",
            "iso_id": null,
            "kvm": "https://my.vultr.com/subs/vps/novnc/api.php?data=djJ8cTJRVXZwNnk1X3VNRG5NeENfcjM1SFZnWnhGb0MybjB8DpZrh8X2A4zOBSkVc7UEznyfYRA8P3m7-9gFSEiUZuJkAhuA5e7Qul-DkQWogyTAZ0RLHkqYxVzMuRqYG46mieJ61DMYkRVAeKjsmgL_n4OgBSo_5rjXG47igXVLSSENN2eRVLFYw7VGzJePID82DGwaJUO8n3LfGOobw3ER6YvdLSbAg8FtCZhNwmZd1ztL1LwVg1lj_etoR4w-SBA",
            "label": "arimelbourne",
            "main_ip": "67.219.105.61",
            "netmask_v4": "255.255.254.0",
            "os": "Ubuntu 22.04 x64",
            "os_id": 1743,
            "plan": "vc2-2c-4gb",
            "power_status": "running",
            "private_network_ids": [],
            "ram": 4096,
            "region": "mel",
            "reserved_ip_id": null,
            "script_id": null,
            "server_status": "installingbooting",
            "snapshot_id": null,
            "ssh_key_ids": [
              "7dac9cd6-3c0e-482c-915f-83ade3d840d4"
            ],
            "status": "active",
            "tag": "",
            "tags": null,
            "timeouts": null,
            "user_data": null,
            "v6_main_ip": "2401:c080:2000:140f:5400:04ff:fea5:970a",
            "v6_network": "2401:c080:2000:140f::",
            "v6_network_size": 64,
            "vcpu_count": 2,
            "vpc_ids": []
          },
          "sensitive_attributes": [],
          "private": "eyJlMmJmYjczMC1lY2FhLTExZTYtOGY4OC0zNDM2M2JjN2M0YzAiOnsiY3JlYXRlIjozNjAwMDAwMDAwMDAwLCJ1cGRhdGUiOjM2MDAwMDAwMDAwMDB9fQ=="
        },
        {
          "index_key": "arimexicocity",
          "schema_version": 0,
          "attributes": {
            "activation_email": false,
            "allowed_bandwidth": 4,
            "app_id": 0,
            "backups": "disabled",
            "backups_schedule": [],
            "date_created": "2023-11-13T17:30:45+00:00",
            "ddos_protection": false,
            "default_password": "]2Wh*+Pdb?5pg*f3",
            "disk": 80,
            "enable_ipv6": true,
            "features": [
              "ipv6"
            ],
            "firewall_group_id": "",
            "gateway_v4": "216.238.66.1",
            "hostname": "arimexicocity",
            "id": "cfb72749-6667-4cae-8734-e91ac11b9d4a",
            "image_id": null,
            "internal_ip": "",
            "iso_id": null,
            "kvm": "https://my.vultr.com/subs/vps/novnc/api.php?data=djJ8bDdpRDhEZTNDVDVjeThuTk93a3ZndWFfdDRiQmNWZWp8zCfrpHicVnRfFgrsG1CPxzBpxxb3HWyGER3XScuzV7XnMA4wrckLNDOM16zdmLNVZFbw0qixqvhKggpYJTRQ7a-wlXJUhoBZw7p3YZs1erRdbx4kKA8q_p0CoKC2MwCM_y4Dq1x2oOEzpMiiK3BU1u5FmY2FtCjqF6kI4TAyRWEBusdsBelLCvJj8BARlHsV9Dbzw3SMqrQwswHW69aB",
            "label": "arimexicocity",
            "main_ip": "216.238.66.174",
            "netmask_v4": "255.255.254.0",
            "os": "Ubuntu 22.04 x64",
            "os_id": 1743,
            "plan": "vc2-2c-4gb",
            "power_status": "running",
            "private_network_ids": [],
            "ram": 4096,
            "region": "mex",
            "reserved_ip_id": null,
            "script_id": null,
            "server_status": "installingbooting",
            "snapshot_id": null,
            "ssh_key_ids": [
              "7dac9cd6-3c0e-482c-915f-83ade3d840d4"
            ],
            "status": "active",
            "tag": "",
            "tags": null,
            "timeouts": null,
            "user_data": null,
            "v6_main_ip": "2001:19f0:b400:1411:5400:04ff:fea5:9737",
            "v6_network": "2001:19f0:b400:1411::",
            "v6_network_size": 64,
            "vcpu_count": 2,
            "vpc_ids": []
          },
          "sensitive_attributes": [],
          "private": "eyJlMmJmYjczMC1lY2FhLTExZTYtOGY4OC0zNDM2M2JjN2M0YzAiOnsiY3JlYXRlIjozNjAwMDAwMDAwMDAwLCJ1cGRhdGUiOjM2MDAwMDAwMDAwMDB9fQ=="
        },
        {
          "index_key": "arimiami",
          "schema_version": 0,
          "attributes": {
            "activation_email": false,
            "allowed_bandwidth": 4,
            "app_id": 0,
            "backups": "disabled",
            "backups_schedule": [],
            "date_created": "2023-11-13T17:28:21+00:00",
            "ddos_protection": false,
            "default_password": "m6T]saf%6?q7baY6",
            "disk": 80,
            "enable_ipv6": true,
            "features": [
              "ipv6"
            ],
            "firewall_group_id": "",
            "gateway_v4": "207.246.76.1",
            "hostname": "arimiami",
            "id": "572fdd20-a6cd-4c30-b8c9-cce08e86f796",
            "image_id": null,
            "internal_ip": "",
            "iso_id": null,
            "kvm": "https://my.vultr.com/subs/vps/novnc/api.php?data=djJ8NllSbHVma0FhOVNYRnhNak5DRGtTQVNZcFg0V0tpVlN8299kRxR-nfwdzljBYWY1M9CMhFBiB6BtvGdAqgJhYUGH6uUleru2xpFda4fwvA8PL_EYBU1nXcce-3cqrFh0ZEruOeXcj7txs3weJmfxslYOnt44rDkOzfnj8XqP8elXfTJpBVzDVx-tO6udRfT7kPVoYzCRzq90bLgHSLetUGii9mpLLojOhdaO5v_kQxlAt2eQDSXGUxwB6g",
            "label": "arimiami",
            "main_ip": "207.246.77.2",
            "netmask_v4": "255.255.254.0",
            "os": "Ubuntu 22.04 x64",
            "os_id": 1743,
            "plan": "vc2-2c-4gb",
            "power_status": "running",
            "private_network_ids": [],
            "ram": 4096,
            "region": "mia",
            "reserved_ip_id": null,
            "script_id": null,
            "server_status": "installingbooting",
            "snapshot_id": null,
            "ssh_key_ids": [
              "7dac9cd6-3c0e-482c-915f-83ade3d840d4"
            ],
            "status": "active",
            "tag": "",
            "tags": null,
            "timeouts": null,
            "user_data": null,
            "v6_main_ip": "2001:19f0:9003:082a:5400:04ff:fea5:970e",
            "v6_network": "2001:19f0:9003:82a::",
            "v6_network_size": 64,
            "vcpu_count": 2,
            "vpc_ids": []
          },
          "sensitive_attributes": [],
          "private": "eyJlMmJmYjczMC1lY2FhLTExZTYtOGY4OC0zNDM2M2JjN2M0YzAiOnsiY3JlYXRlIjozNjAwMDAwMDAwMDAwLCJ1cGRhdGUiOjM2MDAwMDAwMDAwMDB9fQ=="
        },
        {
          "index_key": "arimumbai",
          "schema_version": 0,
          "attributes": {
            "activation_email": false,
            "allowed_bandwidth": 4,
            "app_id": 0,
            "backups": "disabled",
            "backups_schedule": [],
            "date_created": "2023-11-13T17:29:32+00:00",
            "ddos_protection": false,
            "default_password": "V7#cUsuiPkC%nj5D",
            "disk": 80,
            "enable_ipv6": true,
            "features": [
              "ipv6"
            ],
            "firewall_group_id": "",
            "gateway_v4": "65.20.80.1",
            "hostname": "arimumbai",
            "id": "6f7f9f39-7dd7-47a6-8b15-7ba934830250",
            "image_id": null,
            "internal_ip": "",
            "iso_id": null,
            "kvm": "https://my.vultr.com/subs/vps/novnc/api.php?data=djJ8eG9PendWS2h4a3lGZ0dBa0drZTR0aC1pSS1OYXhiei184Ph7IQvAUJRE7Y3Y1UMC2-iXtMKBKKvOEv6z7Aa3TqDVICLDTo_hbBKjq9w_rCczTFjqK4tlGIcT5Q_ur_gf3d2SywYsFopz3aT01Qf1R3MuxbfqX2fkHPz33bWTX6PVyNnP-rlnuByobNGizksK0_sQw8TJCrJEQWK4l_e98kq8dKM0blIaGRqGtisQL2eThW7kAatidd6rF04",
            "label": "arimumbai",
            "main_ip": "65.20.81.242",
            "netmask_v4": "255.255.254.0",
            "os": "Ubuntu 22.04 x64",
            "os_id": 1743,
            "plan": "vc2-2c-4gb",
            "power_status": "running",
            "private_network_ids": [],
            "ram": 4096,
            "region": "bom",
            "reserved_ip_id": null,
            "script_id": null,
            "server_status": "installingbooting",
            "snapshot_id": null,
            "ssh_key_ids": [
              "7dac9cd6-3c0e-482c-915f-83ade3d840d4"
            ],
            "status": "active",
            "tag": "",
            "tags": null,
            "timeouts": null,
            "user_data": null,
            "v6_main_ip": "2401:c080:2400:1a2a:5400:04ff:fea5:9717",
            "v6_network": "2401:c080:2400:1a2a::",
            "v6_network_size": 64,
            "vcpu_count": 2,
            "vpc_ids": []
          },
          "sensitive_attributes": [],
          "private": "eyJlMmJmYjczMC1lY2FhLTExZTYtOGY4OC0zNDM2M2JjN2M0YzAiOnsiY3JlYXRlIjozNjAwMDAwMDAwMDAwLCJ1cGRhdGUiOjM2MDAwMDAwMDAwMDB9fQ=="
        },
        {
          "index_key": "arinj2",
          "schema_version": 0,
          "attributes": {
            "activation_email": false,
            "allowed_bandwidth": 4,
            "app_id": 0,
            "backups": "disabled",
            "backups_schedule": [],
            "date_created": "2023-11-13T17:29:54+00:00",
            "ddos_protection": false,
            "default_password": "J)2fCA.W#]gSUD,M",
            "disk": 80,
            "enable_ipv6": true,
            "features": [
              "ipv6"
            ],
            "firewall_group_id": "",
            "gateway_v4": "140.82.6.1",
            "hostname": "arinj2",
            "id": "4339ceb6-8ac5-4ee7-9a0c-599a10834e21",
            "image_id": null,
            "internal_ip": "",
            "iso_id": null,
            "kvm": "https://my.vultr.com/subs/vps/novnc/api.php?data=djJ8dEV4cGRra055TUxwRmhVQUpxb0o4RFY2TU5fSEUwbGR8rEs4A71NvyDP-LYNHi3TRk2BduGXGxtmq2i1FHP9u5AVj5ut-Au876GtpC7BLlrr0kt75Cn3kdFgN28XN4JVggIsqS5JUKratRqh48_TOq0hyL-fj9XbQwweH_iiHzikLlKa_UjDM0J3e02yubPR2ydKUfoWL6_PZllQpeKnm1jcHQyxbPI0CAYgaTEdljsxLv5Drk79CEo",
            "label": "arinj2",
            "main_ip": "140.82.7.28",
            "netmask_v4": "255.255.254.0",
            "os": "Ubuntu 22.04 x64",
            "os_id": 1743,
            "plan": "vc2-2c-4gb",
            "power_status": "running",
            "private_network_ids": [],
            "ram": 4096,
            "region": "ewr",
            "reserved_ip_id": null,
            "script_id": null,
            "server_status": "installingbooting",
            "snapshot_id": null,
            "ssh_key_ids": [
              "7dac9cd6-3c0e-482c-915f-83ade3d840d4"
            ],
            "status": "active",
            "tag": "",
            "tags": null,
            "timeouts": null,
            "user_data": null,
            "v6_main_ip": "2001:19f0:1000:7fc5:5400:04ff:fea5:9724",
            "v6_network": "2001:19f0:1000:7fc5::",
            "v6_network_size": 64,
            "vcpu_count": 2,
            "vpc_ids": []
          },
          "sensitive_attributes": [],
          "private": "eyJlMmJmYjczMC1lY2FhLTExZTYtOGY4OC0zNDM2M2JjN2M0YzAiOnsiY3JlYXRlIjozNjAwMDAwMDAwMDAwLCJ1cGRhdGUiOjM2MDAwMDAwMDAwMDB9fQ=="
        },
        {
          "index_key": "ariparis",
          "schema_version": 0,
          "attributes": {
            "activation_email": false,
            "allowed_bandwidth": 4,
            "app_id": 0,
            "backups": "disabled",
            "backups_schedule": [],
            "date_created": "2023-11-13T17:28:21+00:00",
            "ddos_protection": false,
            "default_password": "Uk4]68usk?XK=DA(",
            "disk": 80,
            "enable_ipv6": true,
            "features": [
              "ipv6"
            ],
            "firewall_group_id": "",
            "gateway_v4": "107.191.46.1",
            "hostname": "ariparis",
            "id": "8c08727b-6052-4cec-89e0-5315df9ac59e",
            "image_id": null,
            "internal_ip": "",
            "iso_id": null,
            "kvm": "https://my.vultr.com/subs/vps/novnc/api.php?data=djJ8djFFdlhYZWY2R0RpSnJmQURReXNudS1PU3VXZWFUcm18UjcZ_D_rL5TEL62wjU2hkhh-mjTuVk03KNSOZn3GguyNgyyAvjfVGXfWELxIm8UbmIWuffs8iUTw5B-bCZsWOUU6w1p-z6DOCRdJ2tqbpWrUUiXE2QjKp7B-fhBuFWQLIyN68_KTfei5DoF3m92K-m53f0H2ARTstmYKPA2ot8LNqcjTk3rNpFLcB5DQ7NFZO7oaDaFGDD8n_A",
            "label": "ariparis",
            "main_ip": "107.191.46.110",
            "netmask_v4": "255.255.254.0",
            "os": "Ubuntu 22.04 x64",
            "os_id": 1743,
            "plan": "vc2-2c-4gb",
            "power_status": "running",
            "private_network_ids": [],
            "ram": 4096,
            "region": "cdg",
            "reserved_ip_id": null,
            "script_id": null,
            "server_status": "installingbooting",
            "snapshot_id": null,
            "ssh_key_ids": [
              "7dac9cd6-3c0e-482c-915f-83ade3d840d4"
            ],
            "status": "active",
            "tag": "",
            "tags": null,
            "timeouts": null,
            "user_data": null,
            "v6_main_ip": "2a05:f480:1c00:0c25:5400:04ff:fea5:9707",
            "v6_network": "2a05:f480:1c00:c25::",
            "v6_network_size": 64,
            "vcpu_count": 2,
            "vpc_ids": []
          },
          "sensitive_attributes": [],
          "private": "eyJlMmJmYjczMC1lY2FhLTExZTYtOGY4OC0zNDM2M2JjN2M0YzAiOnsiY3JlYXRlIjozNjAwMDAwMDAwMDAwLCJ1cGRhdGUiOjM2MDAwMDAwMDAwMDB9fQ=="
        },
        {
          "index_key": "ariseattle",
          "schema_version": 0,
          "attributes": {
            "activation_email": false,
            "allowed_bandwidth": 4,
            "app_id": 0,
            "backups": "disabled",
            "backups_schedule": [],
            "date_created": "2023-11-13T17:28:21+00:00",
            "ddos_protection": false,
            "default_password": ")Qb2mK5Y4$4Cd9K3",
            "disk": 80,
            "enable_ipv6": true,
            "features": [
              "ipv6"
            ],
            "firewall_group_id": "",
            "gateway_v4": "104.238.154.1",
            "hostname": "ariseattle",
            "id": "77c4db88-1bbe-457f-8ccf-508a2db3785e",
            "image_id": null,
            "internal_ip": "",
            "iso_id": null,
            "kvm": "https://my.vultr.com/subs/vps/novnc/api.php?data=djJ8VUYtVmpjOTdDa3N0NTlhSmNwNVVZYWdZNTA1ZVZ2N0d8WtxmLgluiuhp0RCxejeP6qhIcpdfxrfgRQ-axe40ous2KoHtrZPNVfx2qNmgloVSXBY_NNu-RaM8HpQ9o019Z0p875EdQwSjHyZCk-O8sG2YH-uPzFT_eC9kHxiT1jYv0-Ti4NpwlmWbgDXalYCXdS2PWIzoX0KmpUrBAFmi5hNaGndPR8HOvHAy5w1KxQWmTwTWepE2Cokr54ac",
            "label": "ariseattle",
            "main_ip": "104.238.154.150",
            "netmask_v4": "255.255.255.0",
            "os": "Ubuntu 22.04 x64",
            "os_id": 1743,
            "plan": "vc2-2c-4gb",
            "power_status": "running",
            "private_network_ids": [],
            "ram": 4096,
            "region": "sea",
            "reserved_ip_id": null,
            "script_id": null,
            "server_status": "installingbooting",
            "snapshot_id": null,
            "ssh_key_ids": [
              "7dac9cd6-3c0e-482c-915f-83ade3d840d4"
            ],
            "status": "active",
            "tag": "",
            "tags": null,
            "timeouts": null,
            "user_data": null,
            "v6_main_ip": "2001:19f0:8001:0ff1:5400:04ff:fea5:970d",
            "v6_network": "2001:19f0:8001:ff1::",
            "v6_network_size": 64,
            "vcpu_count": 2,
            "vpc_ids": []
          },
          "sensitive_attributes": [],
          "private": "eyJlMmJmYjczMC1lY2FhLTExZTYtOGY4OC0zNDM2M2JjN2M0YzAiOnsiY3JlYXRlIjozNjAwMDAwMDAwMDAwLCJ1cGRhdGUiOjM2MDAwMDAwMDAwMDB9fQ=="
        },
        {
          "index_key": "ariseoul",
          "schema_version": 0,
          "attributes": {
            "activation_email": false,
            "allowed_bandwidth": 4,
            "app_id": 0,
            "backups": "disabled",
            "backups_schedule": [],
            "date_created": "2023-11-13T17:29:43+00:00",
            "ddos_protection": false,
            "default_password": "v#2ZzUEb}kJqYxpD",
            "disk": 80,
            "enable_ipv6": true,
            "features": [
              "ipv6"
            ],
            "firewall_group_id": "",
            "gateway_v4": "158.247.202.1",
            "hostname": "ariseoul",
            "id": "8628351e-fea4-48e6-b77b-330aa48dce08",
            "image_id": null,
            "internal_ip": "",
            "iso_id": null,
            "kvm": "https://my.vultr.com/subs/vps/novnc/api.php?data=djJ8Tk92ZFZLWGVhYnh5ZXNqX0d1NlJTOXdHMWloV1lEbXh88hVJMnF0FfBvXNAPjHirJttVT_0C9izpbTsQEqFfr-dOZ3qZiyiTkGmf4g8VFslTVDEIenCUbO5YQ0gmzXiC8bgkVBnjKWuiqbbMQMgczIDKELI21fT0SUfK5C-htklvo_7UBCQ6G-10PLkp90EZ6ENMIlJTLb1VAxNcKH702BJpnYGAZn7ucAG16BOjblKiuCoJGPJ1jNHArQ",
            "label": "ariseoul",
            "main_ip": "158.247.202.106",
            "netmask_v4": "255.255.254.0",
            "os": "Ubuntu 22.04 x64",
            "os_id": 1743,
            "plan": "vc2-2c-4gb",
            "power_status": "running",
            "private_network_ids": [],
            "ram": 4096,
            "region": "icn",
            "reserved_ip_id": null,
            "script_id": null,
            "server_status": "installingbooting",
            "snapshot_id": null,
            "ssh_key_ids": [
              "7dac9cd6-3c0e-482c-915f-83ade3d840d4"
            ],
            "status": "active",
            "tag": "",
            "tags": null,
            "timeouts": null,
            "user_data": null,
            "v6_main_ip": "2401:c080:1c00:20d6:5400:04ff:fea5:971c",
            "v6_network": "2401:c080:1c00:20d6::",
            "v6_network_size": 64,
            "vcpu_count": 2,
            "vpc_ids": []
          },
          "sensitive_attributes": [],
          "private": "eyJlMmJmYjczMC1lY2FhLTExZTYtOGY4OC0zNDM2M2JjN2M0YzAiOnsiY3JlYXRlIjozNjAwMDAwMDAwMDAwLCJ1cGRhdGUiOjM2MDAwMDAwMDAwMDB9fQ=="
        },
        {
          "index_key": "arisidney",
          "schema_version": 0,
          "attributes": {
            "activation_email": false,
            "allowed_bandwidth": 4,
            "app_id": 0,
            "backups": "disabled",
            "backups_schedule": [],
            "date_created": "2023-11-13T17:29:43+00:00",
            "ddos_protection": false,
            "default_password": "e!V9L3gGadazM,pv",
            "disk": 80,
            "enable_ipv6": true,
            "features": [
              "ipv6"
            ],
            "firewall_group_id": "",
            "gateway_v4": "45.76.120.1",
            "hostname": "arisidney",
            "id": "4bac3213-05ba-4ca0-8012-2bc96ed88b50",
            "image_id": null,
            "internal_ip": "",
            "iso_id": null,
            "kvm": "https://my.vultr.com/subs/vps/novnc/api.php?data=djJ8RS1ZVjgwc0NiS09zTldfcHJrSE9jUFlrSU1tS3g0VUV8d_SBpqJZa6LphFcS8MVZij6bASRip65tKIldjP5JJ-UMLI5fiGk7k2B1VsFmrPO-MFFkRg1NXuQm5S2vyxDNh5C-i9mtwPULZ1U2T4aRq6GfJxeNbVZ3I9mRBJrWMJtnGX632ShGK1qB_SBLbXIzOZOIlBSNQWlErv5-It9zCFluoAY6g-K7LEaRYSpPC-2tj1JMLQWKCOO8PNc",
            "label": "arisidney",
            "main_ip": "45.76.120.25",
            "netmask_v4": "255.255.254.0",
            "os": "Ubuntu 22.04 x64",
            "os_id": 1743,
            "plan": "vc2-2c-4gb",
            "power_status": "running",
            "private_network_ids": [],
            "ram": 4096,
            "region": "syd",
            "reserved_ip_id": null,
            "script_id": null,
            "server_status": "installingbooting",
            "snapshot_id": null,
            "ssh_key_ids": [
              "7dac9cd6-3c0e-482c-915f-83ade3d840d4"
            ],
            "status": "active",
            "tag": "",
            "tags": null,
            "timeouts": null,
            "user_data": null,
            "v6_main_ip": "2401:c080:1800:42c6:5400:04ff:fea5:971d",
            "v6_network": "2401:c080:1800:42c6::",
            "v6_network_size": 64,
            "vcpu_count": 2,
            "vpc_ids": []
          },
          "sensitive_attributes": [],
          "private": "eyJlMmJmYjczMC1lY2FhLTExZTYtOGY4OC0zNDM2M2JjN2M0YzAiOnsiY3JlYXRlIjozNjAwMDAwMDAwMDAwLCJ1cGRhdGUiOjM2MDAwMDAwMDAwMDB9fQ=="
        },
        {
          "index_key": "arisiliconvalley",
          "schema_version": 0,
          "attributes": {
            "activation_email": false,
            "allowed_bandwidth": 4,
            "app_id": 0,
            "backups": "disabled",
            "backups_schedule": [],
            "date_created": "2023-11-13T17:28:21+00:00",
            "ddos_protection": false,
            "default_password": "B%b3b9RM#vU(8$6g",
            "disk": 80,
            "enable_ipv6": true,
            "features": [
              "ipv6"
            ],
            "firewall_group_id": "",
            "gateway_v4": "45.32.128.1",
            "hostname": "arisiliconvalley",
            "id": "adaa8e83-03f9-46f7-a518-7a4c61cd326c",
            "image_id": null,
            "internal_ip": "",
            "iso_id": null,
            "kvm": "https://my.vultr.com/subs/vps/novnc/api.php?data=djJ8bllwX0c0UDZBQUo1V3pKZmlRUFRzQklBRTJUV3ZDNHN8iHYjSXZhSzjExyT8n3v4RaHuLImiY_yWqc_9FFb_1XlQUPnfJeQq6NDUpXalQ3APKQ72dTiKzFzEh7uOJ62a3UvUvc07BnxgbT40oS0fo-MEA0ttpQQE9Hyec3P9IVgY97LgfwpK9DTjycHpcbB8EkHNBVK7RHf7MyrbXRSWdNBZS5BYl0o0Qze6SvQiAbqWx_66t_C3nk1vodMW5qkvmao",
            "label": "arisiliconvalley",
            "main_ip": "45.32.129.31",
            "netmask_v4": "255.255.254.0",
            "os": "Ubuntu 22.04 x64",
            "os_id": 1743,
            "plan": "vc2-2c-4gb",
            "power_status": "running",
            "private_network_ids": [],
            "ram": 4096,
            "region": "sjc",
            "reserved_ip_id": null,
            "script_id": null,
            "server_status": "installingbooting",
            "snapshot_id": null,
            "ssh_key_ids": [
              "7dac9cd6-3c0e-482c-915f-83ade3d840d4"
            ],
            "status": "active",
            "tag": "",
            "tags": null,
            "timeouts": null,
            "user_data": null,
            "v6_main_ip": "2001:19f0:ac02:057e:5400:04ff:fea5:970b",
            "v6_network": "2001:19f0:ac02:57e::",
            "v6_network_size": 64,
            "vcpu_count": 2,
            "vpc_ids": []
          },
          "sensitive_attributes": [],
          "private": "eyJlMmJmYjczMC1lY2FhLTExZTYtOGY4OC0zNDM2M2JjN2M0YzAiOnsiY3JlYXRlIjozNjAwMDAwMDAwMDAwLCJ1cGRhdGUiOjM2MDAwMDAwMDAwMDB9fQ=="
        },
        {
          "index_key": "arisingapore",
          "schema_version": 0,
          "attributes": {
            "activation_email": false,
            "allowed_bandwidth": 4,
            "app_id": 0,
            "backups": "disabled",
            "backups_schedule": [],
            "date_created": "2023-11-13T17:28:21+00:00",
            "ddos_protection": false,
            "default_password": "z+6Jbd4XRZUYin2C",
            "disk": 80,
            "enable_ipv6": true,
            "features": [
              "ipv6"
            ],
            "firewall_group_id": "",
            "gateway_v4": "139.180.186.1",
            "hostname": "arisingapore",
            "id": "cad35310-b6f7-4402-b046-a308b5d52e9d",
            "image_id": null,
            "internal_ip": "",
            "iso_id": null,
            "kvm": "https://my.vultr.com/subs/vps/novnc/api.php?data=djJ8QnNyLXFzRUxQeDlhVGFxSC1XUWR1ZWxtNnFwOEdwSDR8fb9K-IVdkoYDusj6bqZ0crlxTX7boBTDuPKedkbH1Fa6OHY4AMdqomoH3Z4jD4-qP-YhSmULpdXBbEpmuKabS4XDq3dLBTZAxft0wxtWtxje1wbYsIU3WrfpwrokonRxYj5jRXpTVOVjlhhwFWoCBv6_OfqaI90PSB2IIGOCgUk1_NBS1OR7PhpKFUvA3n7KePoQ9q6RTwlNWZIEouQ",
            "label": "arisingapore",
            "main_ip": "139.180.186.170",
            "netmask_v4": "255.255.254.0",
            "os": "Ubuntu 22.04 x64",
            "os_id": 1743,
            "plan": "vc2-2c-4gb",
            "power_status": "running",
            "private_network_ids": [],
            "ram": 4096,
            "region": "sgp",
            "reserved_ip_id": null,
            "script_id": null,
            "server_status": "installingbooting",
            "snapshot_id": null,
            "ssh_key_ids": [
              "7dac9cd6-3c0e-482c-915f-83ade3d840d4"
            ],
            "status": "active",
            "tag": "",
            "tags": null,
            "timeouts": null,
            "user_data": null,
            "v6_main_ip": "2401:c080:1400:7e0a:5400:04ff:fea5:9709",
            "v6_network": "2401:c080:1400:7e0a::",
            "v6_network_size": 64,
            "vcpu_count": 2,
            "vpc_ids": []
          },
          "sensitive_attributes": [],
          "private": "eyJlMmJmYjczMC1lY2FhLTExZTYtOGY4OC0zNDM2M2JjN2M0YzAiOnsiY3JlYXRlIjozNjAwMDAwMDAwMDAwLCJ1cGRhdGUiOjM2MDAwMDAwMDAwMDB9fQ=="
        },
        {
          "index_key": "aristockholm",
          "schema_version": 0,
          "attributes": {
            "activation_email": false,
            "allowed_bandwidth": 4,
            "app_id": 0,
            "backups": "disabled",
            "backups_schedule": [],
            "date_created": "2023-11-13T17:29:33+00:00",
            "ddos_protection": false,
            "default_password": "3Ky]w%6kb)CyJ6MS",
            "disk": 80,
            "enable_ipv6": true,
            "features": [
              "ipv6"
            ],
            "firewall_group_id": "",
            "gateway_v4": "70.34.214.1",
            "hostname": "aristockholm",
            "id": "7e1f3ddd-106d-47d5-b815-424240a84ea4",
            "image_id": null,
            "internal_ip": "",
            "iso_id": null,
            "kvm": "https://my.vultr.com/subs/vps/novnc/api.php?data=djJ8S2pqeUpaVXR2STlOQXVCOTVzOERFOXdvS1JWZEttX2l8z7X5ljXkhezVIilyWculXzKWy0hvQQP8myLpvr7P31plagEPZFxHoO_dw68RWyQv-Znt9MOxcFTiUQpFY7aSpio89cmVA3T-X1Xq01IURhVQFVE2iQNn6GePW0e3WGF01C6H_eC2aN4sVAsUo-6GTOo9o7avZYBLOPATqE9XIGtjhloZyoRoah4UJbX9WgpuE_lV9BfUaADBQgRCYJg",
            "label": "aristockholm",
            "main_ip": "70.34.215.77",
            "netmask_v4": "255.255.254.0",
            "os": "Ubuntu 22.04 x64",
            "os_id": 1743,
            "plan": "vc2-2c-4gb",
            "power_status": "running",
            "private_network_ids": [],
            "ram": 4096,
            "region": "sto",
            "reserved_ip_id": null,
            "script_id": null,
            "server_status": "installingbooting",
            "snapshot_id": null,
            "ssh_key_ids": [
              "7dac9cd6-3c0e-482c-915f-83ade3d840d4"
            ],
            "status": "active",
            "tag": "",
            "tags": null,
            "timeouts": null,
            "user_data": null,
            "v6_main_ip": "2a05:f480:2000:1b0a:5400:04ff:fea5:9719",
            "v6_network": "2a05:f480:2000:1b0a::",
            "v6_network_size": 64,
            "vcpu_count": 2,
            "vpc_ids": []
          },
          "sensitive_attributes": [],
          "private": "eyJlMmJmYjczMC1lY2FhLTExZTYtOGY4OC0zNDM2M2JjN2M0YzAiOnsiY3JlYXRlIjozNjAwMDAwMDAwMDAwLCJ1cGRhdGUiOjM2MDAwMDAwMDAwMDB9fQ=="
        },
        {
          "index_key": "aritokyo",
          "schema_version": 0,
          "attributes": {
            "activation_email": false,
            "allowed_bandwidth": 4,
            "app_id": 0,
            "backups": "disabled",
            "backups_schedule": [],
            "date_created": "2023-11-13T17:29:32+00:00",
            "ddos_protection": false,
            "default_password": "Q4m}SmYCA7roFFV]",
            "disk": 80,
            "enable_ipv6": true,
            "features": [
              "ipv6"
            ],
            "firewall_group_id": "",
            "gateway_v4": "207.148.90.1",
            "hostname": "aritokyo",
            "id": "cf4aea7c-147d-4266-9f91-fe60b7f28ee0",
            "image_id": null,
            "internal_ip": "",
            "iso_id": null,
            "kvm": "https://my.vultr.com/subs/vps/novnc/api.php?data=djJ8QjhZRFQzbkhUTjl5VExFeUZBaU5yVUdwMWFLYUlGZ0h85qMeJ_7HFuODhdMr0s473OVc6XjB9OtK8wRtAHo4l_8pr-XLJRPkVDmFzN73Xm18_BuOR1OQUaJDClqTiMwOmVu-vBY05sWphaFexA80QRqZze43u1qhhzadbHhdjQY_2-rjV71gYlFsIuu07SBamLgFAUZ84yMCYklAPidfF8iU4hOrbOjS_ul8glEK0TMECQRTGp1mb-iXfA",
            "label": "aritokyo",
            "main_ip": "207.148.91.37",
            "netmask_v4": "255.255.254.0",
            "os": "Ubuntu 22.04 x64",
            "os_id": 1743,
            "plan": "vc2-2c-4gb",
            "power_status": "running",
            "private_network_ids": [],
            "ram": 4096,
            "region": "nrt",
            "reserved_ip_id": null,
            "script_id": null,
            "server_status": "installingbooting",
            "snapshot_id": null,
            "ssh_key_ids": [
              "7dac9cd6-3c0e-482c-915f-83ade3d840d4"
            ],
            "status": "active",
            "tag": "",
            "tags": null,
            "timeouts": null,
            "user_data": null,
            "v6_main_ip": "2001:19f0:7001:0051:5400:04ff:fea5:9716",
            "v6_network": "2001:19f0:7001:51::",
            "v6_network_size": 64,
            "vcpu_count": 2,
            "vpc_ids": []
          },
          "sensitive_attributes": [],
          "private": "eyJlMmJmYjczMC1lY2FhLTExZTYtOGY4OC0zNDM2M2JjN2M0YzAiOnsiY3JlYXRlIjozNjAwMDAwMDAwMDAwLCJ1cGRhdGUiOjM2MDAwMDAwMDAwMDB9fQ=="
        },
        {
          "index_key": "aritoronto",
          "schema_version": 0,
          "attributes": {
            "activation_email": false,
            "allowed_bandwidth": 4,
            "app_id": 0,
            "backups": "disabled",
            "backups_schedule": [],
            "date_created": "2023-11-13T17:29:43+00:00",
            "ddos_protection": false,
            "default_password": "dN2(g)8?DcZT5=*@",
            "disk": 80,
            "enable_ipv6": true,
            "features": [
              "ipv6"
            ],
            "firewall_group_id": "",
            "gateway_v4": "155.138.138.1",
            "hostname": "aritoronto",
            "id": "1a967b7c-28d9-443c-a8ec-b5c817ec90ce",
            "image_id": null,
            "internal_ip": "",
            "iso_id": null,
            "kvm": "https://my.vultr.com/subs/vps/novnc/api.php?data=djJ8MDZITDlESFVmUTM2TDlDd2tWZExmVFZubG5LMTFLb258pllzIUOuMP57wmEakMwWnGF0zZ5P5KQNN6Cf2AAeGO9wc5xsZCCpmRyZQL7vQVYW51zWpXRoujgptwD_SN5hFqdXWYT9IvCSYiRkGXWkx8OrGoH8ejwyc1lhirEcbqlnrGWmAGSs7uLi0EtCWlWvqJxc8zzYKVw2cZwj4wrjJqr_RTPqeY9GNUorFnJ7eXccxp_It3n-6uwE_Y4G",
            "label": "aritoronto",
            "main_ip": "155.138.139.117",
            "netmask_v4": "255.255.254.0",
            "os": "Ubuntu 22.04 x64",
            "os_id": 1743,
            "plan": "vc2-2c-4gb",
            "power_status": "running",
            "private_network_ids": [],
            "ram": 4096,
            "region": "yto",
            "reserved_ip_id": null,
            "script_id": null,
            "server_status": "installingbooting",
            "snapshot_id": null,
            "ssh_key_ids": [
              "7dac9cd6-3c0e-482c-915f-83ade3d840d4"
            ],
            "status": "active",
            "tag": "",
            "tags": null,
            "timeouts": null,
            "user_data": null,
            "v6_main_ip": "2001:19f0:b001:0fae:5400:04ff:fea5:971f",
            "v6_network": "2001:19f0:b001:fae::",
            "v6_network_size": 64,
            "vcpu_count": 2,
            "vpc_ids": []
          },
          "sensitive_attributes": [],
          "private": "eyJlMmJmYjczMC1lY2FhLTExZTYtOGY4OC0zNDM2M2JjN2M0YzAiOnsiY3JlYXRlIjozNjAwMDAwMDAwMDAwLCJ1cGRhdGUiOjM2MDAwMDAwMDAwMDB9fQ=="
        },
        {
          "index_key": "ariwarsaw",
          "schema_version": 0,
          "attributes": {
            "activation_email": false,
            "allowed_bandwidth": 4,
            "app_id": 0,
            "backups": "disabled",
            "backups_schedule": [],
            "date_created": "2023-11-13T17:30:25+00:00",
            "ddos_protection": false,
            "default_password": "A=j7W)76N.bo@NAW",
            "disk": 80,
            "enable_ipv6": true,
            "features": [
              "ipv6"
            ],
            "firewall_group_id": "",
            "gateway_v4": "70.34.244.1",
            "hostname": "ariwarsaw",
            "id": "7cb733f7-1654-420c-a2ea-97eba0c6cd92",
            "image_id": null,
            "internal_ip": "",
            "iso_id": null,
            "kvm": "https://my.vultr.com/subs/vps/novnc/api.php?data=djJ8ZnVGUTVvd2E4bG1FWVpaQkF5eDdaUVpBTWZuS08xMVZ8vm231cXfHbR_mN03IrM3wVshFy6tS2-xCT9sbaE7IKrEMhIMiorQ5sTRNMrVkDncYwjPPQgvN0Izn-0COr_37cBflnUfXvgSPMlJsb_DpSebGBlg2kvsdW-xCJ5NrCLzdmMwp7M3s66S3pQ8-SCBV_MqJLUNJ_OsyDgqtJ_Jf7dcIYRa2icHECs0EpM25D-2cCcifBD8Ji4nuA",
            "label": "ariwarsaw",
            "main_ip": "70.34.244.83",
            "netmask_v4": "255.255.254.0",
            "os": "Ubuntu 22.04 x64",
            "os_id": 1743,
            "plan": "vc2-2c-4gb",
            "power_status": "running",
            "private_network_ids": [],
            "ram": 4096,
            "region": "waw",
            "reserved_ip_id": null,
            "script_id": null,
            "server_status": "installingbooting",
            "snapshot_id": null,
            "ssh_key_ids": [
              "7dac9cd6-3c0e-482c-915f-83ade3d840d4"
            ],
            "status": "active",
            "tag": "",
            "tags": null,
            "timeouts": null,
            "user_data": null,
            "v6_main_ip": "2a05:f480:2400:17ca:5400:04ff:fea5:9730",
            "v6_network": "2a05:f480:2400:17ca::",
            "v6_network_size": 64,
            "vcpu_count": 2,
            "vpc_ids": []
          },
          "sensitive_attributes": [],
          "private": "eyJlMmJmYjczMC1lY2FhLTExZTYtOGY4OC0zNDM2M2JjN2M0YzAiOnsiY3JlYXRlIjozNjAwMDAwMDAwMDAwLCJ1cGRhdGUiOjM2MDAwMDAwMDAwMDB9fQ=="
        }
      ]
    }
  ],
  "check_results": null
}
