{
  "version": 4,
  "terraform_version": "1.9.8",
  "serial": 490,
  "lineage": "f324cde9-a00a-3675-44d7-8ce737f07c6e",
  "outputs": {
    "node_ips": {
      "value": {
        "ariamsterdam": "95.179.142.230",
        "ariatlanta": "155.138.217.146",
        "aribangalore": "139.84.217.209",
        "arichicago": "45.76.17.62",
        "aridallas": "137.220.50.17",
        "aridelhincr": "139.84.174.57",
        "arifrankfurt": "45.32.159.111",
        "arijohannesburg": "139.84.241.119",
        "arilondon": "108.61.197.203",
        "arilosangeles": "45.32.80.211",
        "arimadrid": "208.85.22.60",
        "arimanchester": "66.245.195.166",
        "arimelbourne": "139.84.197.176",
        "arimexicocity": "216.238.84.11",
        "arimiami": "207.246.117.158",
        "arimumbai": "65.20.88.133",
        "arinewjersey": "45.77.100.213",
        "ariosaka": "64.176.47.195",
        "ariparis": "45.63.115.45",
        "arisantiago": "64.176.15.108",
        "ariseattle": "144.202.95.244",
        "ariseoul": "158.247.252.187",
        "arisiliconvalley": "45.63.82.112",
        "arisingapore": "45.76.161.161",
        "aristockholm": "65.20.113.96",
        "arisydney": "45.76.122.21",
        "aritelaviv": "64.176.168.253",
        "aritokyo": "198.13.46.20",
        "aritoronto": "149.248.60.72",
        "ariwarsaw": "64.176.70.41",
        "main": "45.77.139.91"
      },
      "type": [
        "object",
        {
          "ariamsterdam": "string",
          "ariatlanta": "string",
          "aribangalore": "string",
          "arichicago": "string",
          "aridallas": "string",
          "aridelhincr": "string",
          "arifrankfurt": "string",
          "arijohannesburg": "string",
          "arilondon": "string",
          "arilosangeles": "string",
          "arimadrid": "string",
          "arimanchester": "string",
          "arimelbourne": "string",
          "arimexicocity": "string",
          "arimiami": "string",
          "arimumbai": "string",
          "arinewjersey": "string",
          "ariosaka": "string",
          "ariparis": "string",
          "arisantiago": "string",
          "ariseattle": "string",
          "ariseoul": "string",
          "arisiliconvalley": "string",
          "arisingapore": "string",
          "aristockholm": "string",
          "arisydney": "string",
          "aritelaviv": "string",
          "aritokyo": "string",
          "aritoronto": "string",
          "ariwarsaw": "string",
          "main": "string"
        }
      ]
    }
  },
  "resources": [
    {
      "mode": "managed",
      "type": "vultr_instance",
      "name": "instance",
      "provider": "provider[\"registry.terraform.io/vultr/vultr\"]",
      "instances": [
        {
          "index_key": "ariamsterdam",
          "schema_version": 0,
          "attributes": {
            "activation_email": false,
            "allowed_bandwidth": 219,
            "app_id": 0,
            "backups": "disabled",
            "backups_schedule": [],
            "date_created": "2024-10-27T23:37:37+00:00",
            "ddos_protection": false,
            "default_password": "9n*VV-%,pn%m8?Kh",
            "disk": 80,
            "enable_ipv6": true,
            "features": [
              "ipv6"
            ],
            "firewall_group_id": "",
            "gateway_v4": "95.179.142.1",
            "hostname": "ariamsterdam",
            "id": "01e29dea-affb-4942-b5e6-867683d1f740",
            "image_id": null,
            "internal_ip": "",
            "iso_id": null,
            "kvm": "https://my.vultr.com/subs/vps/novnc/api.php?data=djJ8bWQ5d1lkbDI2Zk9mWXhMczFsNnhYN0Y5MFF3LTVUdTd8l--UsFihfqqVFwGzwhXFx8xpklQw8m9Z6xAOs2p7MOteEP32H_t-ECpTID4_9ZsLuIvLiLT1CbgSuPdtgaxZRcNW9qupp6Xf_5lrYpEgpOD-Gqyh-66l2L-dDUa7PDuGPyqgm7TJ2BCSCdyp8M-Tf19XMWdHRqDXHE_ahLRVZyF3L-XkRh0ZtGp8kKQjiMnEL8UMV_5oWSFRMlGO1RA",
            "label": "ariamsterdam",
            "main_ip": "95.179.142.230",
            "netmask_v4": "255.255.254.0",
            "os": "Ubuntu 22.04 x64",
            "os_id": 1743,
            "plan": "vc2-2c-4gb",
            "power_status": "running",
            "private_network_ids": [],
            "ram": 4096,
            "region": "ams",
            "reserved_ip_id": null,
            "script_id": null,
            "server_status": "ok",
            "snapshot_id": null,
            "ssh_key_ids": [
              "b1062298-c96c-496c-90f8-ce21aaf97417"
            ],
            "status": "active",
            "tag": "",
            "tags": [],
            "timeouts": null,
            "user_data": null,
            "v6_main_ip": "2001:19f0:5000:17c3:5400:05ff:fe25:5c6d",
            "v6_network": "2001:19f0:5000:17c3::",
            "v6_network_size": 64,
            "vcpu_count": 2,
            "vpc_ids": []
          },
          "sensitive_attributes": [
            [
              {
                "type": "get_attr",
                "value": "default_password"
              }
            ]
          ],
          "private": "eyJlMmJmYjczMC1lY2FhLTExZTYtOGY4OC0zNDM2M2JjN2M0YzAiOnsiY3JlYXRlIjozNjAwMDAwMDAwMDAwLCJ1cGRhdGUiOjM2MDAwMDAwMDAwMDB9fQ=="
        },
        {
          "index_key": "ariatlanta",
          "schema_version": 0,
          "attributes": {
            "activation_email": false,
            "allowed_bandwidth": 219,
            "app_id": 0,
            "backups": "disabled",
            "backups_schedule": [],
            "date_created": "2024-10-27T23:37:37+00:00",
            "ddos_protection": false,
            "default_password": "!k6SCDc4sjT4SgBh",
            "disk": 80,
            "enable_ipv6": true,
            "features": [
              "ipv6"
            ],
            "firewall_group_id": "",
            "gateway_v4": "155.138.216.1",
            "hostname": "ariatlanta",
            "id": "4e0d7c8e-147d-4a15-b53b-0248cd56858e",
            "image_id": null,
            "internal_ip": "",
            "iso_id": null,
            "kvm": "https://my.vultr.com/subs/vps/novnc/api.php?data=djJ8d3huRTI1WkNod3lzNEVmVFVSUzRJMUl0ZjM3S2JXYkF8F--sT-dXLZD4qdkYmY3_-T9LdTn5xr_E-eJIP1AUQua3VQvRHvZ7O35n6tJPcS6mLhE7mtjKgaZwDK8DTNq-feGuzt1rY3eBuius5ymvbXa5f_OLKTDDtXuOzB4PlwyZ-UYT-a0s3JvhaJ-u9yTDBnrdvwoB2ASTrz6aTQCRnQ7kOs1gzanVr6bMskvHdCN_QRHA1mLtBmQZNaA",
            "label": "ariatlanta",
            "main_ip": "155.138.217.146",
            "netmask_v4": "255.255.254.0",
            "os": "Ubuntu 22.04 x64",
            "os_id": 1743,
            "plan": "vc2-2c-4gb",
            "power_status": "running",
            "private_network_ids": [],
            "ram": 4096,
            "region": "atl",
            "reserved_ip_id": null,
            "script_id": null,
            "server_status": "ok",
            "snapshot_id": null,
            "ssh_key_ids": [
              "b1062298-c96c-496c-90f8-ce21aaf97417"
            ],
            "status": "active",
            "tag": "",
            "tags": [],
            "timeouts": null,
            "user_data": null,
            "v6_main_ip": "2001:19f0:5401:17d3:5400:05ff:fe25:5c6c",
            "v6_network": "2001:19f0:5401:17d3::",
            "v6_network_size": 64,
            "vcpu_count": 2,
            "vpc_ids": []
          },
          "sensitive_attributes": [
            [
              {
                "type": "get_attr",
                "value": "default_password"
              }
            ]
          ],
          "private": "eyJlMmJmYjczMC1lY2FhLTExZTYtOGY4OC0zNDM2M2JjN2M0YzAiOnsiY3JlYXRlIjozNjAwMDAwMDAwMDAwLCJ1cGRhdGUiOjM2MDAwMDAwMDAwMDB9fQ=="
        },
        {
          "index_key": "aribangalore",
          "schema_version": 0,
          "attributes": {
            "activation_email": false,
            "allowed_bandwidth": 4,
            "app_id": 0,
            "backups": "disabled",
            "backups_schedule": [],
            "date_created": "2024-10-29T21:57:49+00:00",
            "ddos_protection": false,
            "default_password": "Gg3$e]bb*D6$jhUA",
            "disk": 80,
            "enable_ipv6": true,
            "features": [
              "ipv6"
            ],
            "firewall_group_id": "",
            "gateway_v4": "139.84.216.1",
            "hostname": "aribangalore",
            "id": "1ff3293b-cf2d-4e7f-8d61-c75ffcd111b0",
            "image_id": null,
            "internal_ip": "",
            "iso_id": null,
            "kvm": "https://my.vultr.com/subs/vps/novnc/api.php?data=djJ8NFYtWjhuNk1LMTBESlpvaV9nX0s4TEx3Wjl4WkxhdXJ8QIMnOtjZmq6hcJ2gQIbqW-c6yD8A_3njdlvVOx8HNdLJGGX5z-C3Zht1X3nA-jDZ6toNtjqrdudar80qp_7OkgeZ6M3NNGh7bSXNUp8sZxLAFtsNS2dR2NDgIKCCeiV_K1DteOEGABNxQuOYIc4ZVHhWAXyBf2pHem7GhiVaTvrQhoVyvN7DoejFGzd-mpDClFYubvVzLcq6eRlQWg",
            "label": "aribangalore",
            "main_ip": "139.84.217.209",
            "netmask_v4": "255.255.254.0",
            "os": "Ubuntu 22.04 x64",
            "os_id": 1743,
            "plan": "vc2-2c-4gb",
            "power_status": "running",
            "private_network_ids": [],
            "ram": 4096,
            "region": "blr",
            "reserved_ip_id": null,
            "script_id": null,
            "server_status": "ok",
            "snapshot_id": null,
            "ssh_key_ids": [
              "b1062298-c96c-496c-90f8-ce21aaf97417"
            ],
            "status": "active",
            "tag": "",
            "tags": [],
            "timeouts": null,
            "user_data": null,
            "v6_main_ip": "2401:c080:3000:31f9:5400:05ff:fe26:0055",
            "v6_network": "2401:c080:3000:31f9::",
            "v6_network_size": 64,
            "vcpu_count": 2,
            "vpc_ids": []
          },
          "sensitive_attributes": [
            [
              {
                "type": "get_attr",
                "value": "default_password"
              }
            ]
          ],
          "private": "eyJlMmJmYjczMC1lY2FhLTExZTYtOGY4OC0zNDM2M2JjN2M0YzAiOnsiY3JlYXRlIjozNjAwMDAwMDAwMDAwLCJ1cGRhdGUiOjM2MDAwMDAwMDAwMDB9fQ=="
        },
        {
          "index_key": "arichicago",
          "schema_version": 0,
          "attributes": {
            "activation_email": false,
            "allowed_bandwidth": 4,
            "app_id": 0,
            "backups": "disabled",
            "backups_schedule": [],
            "date_created": "2024-10-29T21:58:20+00:00",
            "ddos_protection": false,
            "default_password": "w@D4e{9aSmoPzC8,",
            "disk": 80,
            "enable_ipv6": true,
            "features": [
              "ipv6"
            ],
            "firewall_group_id": "",
            "gateway_v4": "45.76.16.1",
            "hostname": "arichicago",
            "id": "e6d2f262-62d0-49d3-8a12-a480b7f53ab2",
            "image_id": null,
            "internal_ip": "",
            "iso_id": null,
            "kvm": "https://my.vultr.com/subs/vps/novnc/api.php?data=djJ8NXV4X2F6WmxDTXJoVjd3R0RiaGNrQjEzbHlVUHpmTmZ8hjCMKY3cOuWWs-i88LMyLWr6BqHamQrSqCsxIgseDb9Lc02uo7yjh0TA0-ow-sNjOAYMIc195tuJTMA9tLydETZGnepSjll9bmC7r4shH3bi7NRLaRzH8yvde4Rix3UIhioDLAR88ZSBlgcWZV52I0rs9Oc0XwIceARgzePNaPptITumm3dbaiyzjv0LBQjQS8_CuH8M2jMmJVT3",
            "label": "arichicago",
            "main_ip": "45.76.17.62",
            "netmask_v4": "255.255.254.0",
            "os": "Ubuntu 22.04 x64",
            "os_id": 1743,
            "plan": "vc2-2c-4gb",
            "power_status": "running",
            "private_network_ids": [],
            "ram": 4096,
            "region": "ord",
            "reserved_ip_id": null,
            "script_id": null,
            "server_status": "ok",
            "snapshot_id": null,
            "ssh_key_ids": [
              "b1062298-c96c-496c-90f8-ce21aaf97417"
            ],
            "status": "active",
            "tag": "",
            "tags": [],
            "timeouts": null,
            "user_data": null,
            "v6_main_ip": "2001:19f0:5c00:2242:5400:05ff:fe26:005d",
            "v6_network": "2001:19f0:5c00:2242::",
            "v6_network_size": 64,
            "vcpu_count": 2,
            "vpc_ids": []
          },
          "sensitive_attributes": [
            [
              {
                "type": "get_attr",
                "value": "default_password"
              }
            ]
          ],
          "private": "eyJlMmJmYjczMC1lY2FhLTExZTYtOGY4OC0zNDM2M2JjN2M0YzAiOnsiY3JlYXRlIjozNjAwMDAwMDAwMDAwLCJ1cGRhdGUiOjM2MDAwMDAwMDAwMDB9fQ=="
        },
        {
          "index_key": "aridallas",
          "schema_version": 0,
          "attributes": {
            "activation_email": false,
            "allowed_bandwidth": 4,
            "app_id": 0,
            "backups": "disabled",
            "backups_schedule": [],
            "date_created": "2024-10-29T21:57:29+00:00",
            "ddos_protection": false,
            "default_password": ".Hs63Jou*-GPPb84",
            "disk": 80,
            "enable_ipv6": true,
            "features": [
              "ipv6"
            ],
            "firewall_group_id": "",
            "gateway_v4": "137.220.50.1",
            "hostname": "aridallas",
            "id": "cb5d3b4c-12b1-418a-800f-d5f3e7e12c98",
            "image_id": null,
            "internal_ip": "",
            "iso_id": null,
            "kvm": "https://my.vultr.com/subs/vps/novnc/api.php?data=djJ8NGdRNmU4RE92c09QTnEtNjl6ZkVjMGZSbVp5NXdWd3l8YTgkrPRZ0wksejSUs8Td81ThC3aHs_Rx73lrXbY_gX18igs_kNgXR5m4W-q0lPx2Lrtz12zxMBhlR4HcPon69BF9lv30NToal-_XFxBnefrhn4PSZNr1dgG0vPysj5kR3NJBS0PdTN5EmDd0NuBsGbkXnJ8xp3n-Y1d7L0pm60pj73z-Cz0xmyM5tf4rZivPaL1pVFVzt3-ZAGk",
            "label": "aridallas",
            "main_ip": "137.220.50.17",
            "netmask_v4": "255.255.254.0",
            "os": "Ubuntu 22.04 x64",
            "os_id": 1743,
            "plan": "vc2-2c-4gb",
            "power_status": "running",
            "private_network_ids": [],
            "ram": 4096,
            "region": "dfw",
            "reserved_ip_id": null,
            "script_id": null,
            "server_status": "ok",
            "snapshot_id": null,
            "ssh_key_ids": [
              "b1062298-c96c-496c-90f8-ce21aaf97417"
            ],
            "status": "active",
            "tag": "",
            "tags": [],
            "timeouts": null,
            "user_data": null,
            "v6_main_ip": "2001:19f0:6401:1d74:5400:05ff:fe26:003d",
            "v6_network": "2001:19f0:6401:1d74::",
            "v6_network_size": 64,
            "vcpu_count": 2,
            "vpc_ids": []
          },
          "sensitive_attributes": [
            [
              {
                "type": "get_attr",
                "value": "default_password"
              }
            ]
          ],
          "private": "eyJlMmJmYjczMC1lY2FhLTExZTYtOGY4OC0zNDM2M2JjN2M0YzAiOnsiY3JlYXRlIjozNjAwMDAwMDAwMDAwLCJ1cGRhdGUiOjM2MDAwMDAwMDAwMDB9fQ=="
        },
        {
          "index_key": "aridelhincr",
          "schema_version": 0,
          "attributes": {
            "activation_email": false,
            "allowed_bandwidth": 4,
            "app_id": 0,
            "backups": "disabled",
            "backups_schedule": [],
            "date_created": "2024-10-29T21:58:49+00:00",
            "ddos_protection": false,
            "default_password": "bX{4.e(XKbDuQ+5o",
            "disk": 80,
            "enable_ipv6": true,
            "features": [
              "ipv6"
            ],
            "firewall_group_id": "",
            "gateway_v4": "139.84.174.1",
            "hostname": "aridelhincr",
            "id": "0e438746-b2a1-49ad-bbd1-8114b73256df",
            "image_id": null,
            "internal_ip": "",
            "iso_id": null,
            "kvm": "https://my.vultr.com/subs/vps/novnc/api.php?data=djJ8aUV1LTBHdDFKRVhhblZyU01HQ3Fyd2lIdDFnUmNOM3R8R4QWgfS-kq_JF0WehqM_ELI5Ybzu9q66mNPeluk4fiZX11w83msPyez8nLgl5GptZb1mmp6w2vuBFHyj7iGeS_-uVzO7I3fCrzLjpVUr9g2r2u_RIF7gSj4Yg7eGT_Wc84WUQEdTjERgwsPnJHI99dg8FKrGTyApx8kR8-OgYqft2fcDCdwqb4H1Of02WI5LXf13j9LAPW7DogUv",
            "label": "aridelhincr",
            "main_ip": "139.84.174.57",
            "netmask_v4": "255.255.254.0",
            "os": "Ubuntu 22.04 x64",
            "os_id": 1743,
            "plan": "vc2-2c-4gb",
            "power_status": "running",
            "private_network_ids": [],
            "ram": 4096,
            "region": "del",
            "reserved_ip_id": null,
            "script_id": null,
            "server_status": "ok",
            "snapshot_id": null,
            "ssh_key_ids": [
              "b1062298-c96c-496c-90f8-ce21aaf97417"
            ],
            "status": "active",
            "tag": "",
            "tags": [],
            "timeouts": null,
            "user_data": null,
            "v6_main_ip": "2401:c080:3400:2f50:5400:05ff:fe26:0062",
            "v6_network": "2401:c080:3400:2f50::",
            "v6_network_size": 64,
            "vcpu_count": 2,
            "vpc_ids": []
          },
          "sensitive_attributes": [
            [
              {
                "type": "get_attr",
                "value": "default_password"
              }
            ]
          ],
          "private": "eyJlMmJmYjczMC1lY2FhLTExZTYtOGY4OC0zNDM2M2JjN2M0YzAiOnsiY3JlYXRlIjozNjAwMDAwMDAwMDAwLCJ1cGRhdGUiOjM2MDAwMDAwMDAwMDB9fQ=="
        },
        {
          "index_key": "arifrankfurt",
          "schema_version": 0,
          "attributes": {
            "activation_email": false,
            "allowed_bandwidth": 4,
            "app_id": 0,
            "backups": "disabled",
            "backups_schedule": [],
            "date_created": "2024-10-29T21:58:08+00:00",
            "ddos_protection": false,
            "default_password": "J2g*V!+3FQU]_N=Y",
            "disk": 80,
            "enable_ipv6": true,
            "features": [
              "ipv6"
            ],
            "firewall_group_id": "",
            "gateway_v4": "45.32.156.1",
            "hostname": "arifrankfurt",
            "id": "1d93d1cb-5607-491a-be11-b3384ed76adb",
            "image_id": null,
            "internal_ip": "",
            "iso_id": null,
            "kvm": "https://my.vultr.com/subs/vps/novnc/api.php?data=djJ8MjZSdERIR1lWMHFKQ1NscUtNOTRzMDdBeGZubkRScDF895zGkSj8VoZd_GyLG-ZbQyJxjopciw83lQ47lRsOfC1WhfBVbcxO68zsjCI2ggrKkwkVL77bSjECXo0x7EPswJ2FTZXJwYnLEySPR3jVZ1OEJ2Uu28mfs1pun48ruPi_NG_PYhjv522gOwkxXBOWGcga1NKfWpSkvS5jdIrImdGVI53YftlWK4DAOtY6LGPKWxXniQSK85WpQtUjtlE",
            "label": "arifrankfurt",
            "main_ip": "45.32.159.111",
            "netmask_v4": "255.255.252.0",
            "os": "Ubuntu 22.04 x64",
            "os_id": 1743,
            "plan": "vc2-2c-4gb",
            "power_status": "running",
            "private_network_ids": [],
            "ram": 4096,
            "region": "fra",
            "reserved_ip_id": null,
            "script_id": null,
            "server_status": "ok",
            "snapshot_id": null,
            "ssh_key_ids": [
              "b1062298-c96c-496c-90f8-ce21aaf97417"
            ],
            "status": "active",
            "tag": "",
            "tags": [],
            "timeouts": null,
            "user_data": null,
            "v6_main_ip": "2001:19f0:6c01:2445:5400:05ff:fe26:0059",
            "v6_network": "2001:19f0:6c01:2445::",
            "v6_network_size": 64,
            "vcpu_count": 2,
            "vpc_ids": []
          },
          "sensitive_attributes": [
            [
              {
                "type": "get_attr",
                "value": "default_password"
              }
            ]
          ],
          "private": "eyJlMmJmYjczMC1lY2FhLTExZTYtOGY4OC0zNDM2M2JjN2M0YzAiOnsiY3JlYXRlIjozNjAwMDAwMDAwMDAwLCJ1cGRhdGUiOjM2MDAwMDAwMDAwMDB9fQ=="
        },
        {
          "index_key": "arijohannesburg",
          "schema_version": 0,
          "attributes": {
            "activation_email": false,
            "allowed_bandwidth": 4,
            "app_id": 0,
            "backups": "disabled",
            "backups_schedule": [],
            "date_created": "2024-10-29T21:58:09+00:00",
            "ddos_protection": false,
            "default_password": "8L*u7*b%pj3CwK-!",
            "disk": 80,
            "enable_ipv6": true,
            "features": [
              "ipv6"
            ],
            "firewall_group_id": "",
            "gateway_v4": "139.84.240.1",
            "hostname": "arijohannesburg",
            "id": "574719f0-1fdc-4273-ba3b-291abac37bbe",
            "image_id": null,
            "internal_ip": "",
            "iso_id": null,
            "kvm": "https://my.vultr.com/subs/vps/novnc/api.php?data=djJ8clFHMlJVaW96QlFqY1RCaFRDNjFSTWw5X21pNVY0bzl8prOAXP8axbVBg1FomuoL92Zxvn7UlawP6ie09Tof9kyfMOCgP1AKYOevPkjtyumxc-fHV2EU-VEGjxXIaIc_i0Qxwi56nboZJxpw9mraW3toVaJnSPnpTT0DdLL-mb4ujBJqfYLYvC0KLL4xvnEQ3D0sSRUGfFoUejHVLnMUGbky0pLFtxws_dBoCkmN4FxvQCDm8aAftElgWBs_hiw8L1M",
            "label": "arijohannesburg",
            "main_ip": "139.84.241.119",
            "netmask_v4": "255.255.254.0",
            "os": "Ubuntu 22.04 x64",
            "os_id": 1743,
            "plan": "vc2-2c-4gb",
            "power_status": "running",
            "private_network_ids": [],
            "ram": 4096,
            "region": "jnb",
            "reserved_ip_id": null,
            "script_id": null,
            "server_status": "ok",
            "snapshot_id": null,
            "ssh_key_ids": [
              "b1062298-c96c-496c-90f8-ce21aaf97417"
            ],
            "status": "active",
            "tag": "",
            "tags": [],
            "timeouts": null,
            "user_data": null,
            "v6_main_ip": "2a05:f480:3000:2a3a:5400:05ff:fe26:005b",
            "v6_network": "2a05:f480:3000:2a3a::",
            "v6_network_size": 64,
            "vcpu_count": 2,
            "vpc_ids": []
          },
          "sensitive_attributes": [
            [
              {
                "type": "get_attr",
                "value": "default_password"
              }
            ]
          ],
          "private": "eyJlMmJmYjczMC1lY2FhLTExZTYtOGY4OC0zNDM2M2JjN2M0YzAiOnsiY3JlYXRlIjozNjAwMDAwMDAwMDAwLCJ1cGRhdGUiOjM2MDAwMDAwMDAwMDB9fQ=="
        },
        {
          "index_key": "arilondon",
          "schema_version": 0,
          "attributes": {
            "activation_email": false,
            "allowed_bandwidth": 4,
            "app_id": 0,
            "backups": "disabled",
            "backups_schedule": [],
            "date_created": "2024-10-29T21:56:58+00:00",
            "ddos_protection": false,
            "default_password": "6An,9uPEpVrAZGA8",
            "disk": 80,
            "enable_ipv6": true,
            "features": [
              "ipv6"
            ],
            "firewall_group_id": "",
            "gateway_v4": "108.61.196.1",
            "hostname": "arilondon",
            "id": "cde1805b-b310-4a35-bdad-b2844fdbdcf8",
            "image_id": null,
            "internal_ip": "",
            "iso_id": null,
            "kvm": "https://my.vultr.com/subs/vps/novnc/api.php?data=djJ8eWFDeDJsSGx0ekM1RjR3dWJwOVRqZko3VzBXSy1lQVR8dISv0qiAbsscF0F3WgEvu9OnJHd5QG2PG4MLfMBb93F715ziTsIxyf5k_Hmoh6nfwbrgNkBTzeD2sV8mUjYsIDINvGftsvtURyWSlEkYKBHrFA3wxZmgxAmnk3lTUfyvt8gxc2p1_APwvX_tEOZKSlCVcX_2_OmAEWX6BykkOl_7M3zdbf6WO60-3-8XSzKei1sTVxt9u1NF7Ng",
            "label": "arilondon",
            "main_ip": "108.61.197.203",
            "netmask_v4": "255.255.254.0",
            "os": "Ubuntu 22.04 x64",
            "os_id": 1743,
            "plan": "vc2-2c-4gb",
            "power_status": "running",
            "private_network_ids": [],
            "ram": 4096,
            "region": "lhr",
            "reserved_ip_id": null,
            "script_id": null,
            "server_status": "ok",
            "snapshot_id": null,
            "ssh_key_ids": [
              "b1062298-c96c-496c-90f8-ce21aaf97417"
            ],
            "status": "active",
            "tag": "",
            "tags": [],
            "timeouts": null,
            "user_data": null,
            "v6_main_ip": "2001:19f0:7400:169a:5400:05ff:fe26:0033",
            "v6_network": "2001:19f0:7400:169a::",
            "v6_network_size": 64,
            "vcpu_count": 2,
            "vpc_ids": []
          },
          "sensitive_attributes": [
            [
              {
                "type": "get_attr",
                "value": "default_password"
              }
            ]
          ],
          "private": "eyJlMmJmYjczMC1lY2FhLTExZTYtOGY4OC0zNDM2M2JjN2M0YzAiOnsiY3JlYXRlIjozNjAwMDAwMDAwMDAwLCJ1cGRhdGUiOjM2MDAwMDAwMDAwMDB9fQ=="
        },
        {
          "index_key": "arilosangeles",
          "schema_version": 0,
          "attributes": {
            "activation_email": false,
            "allowed_bandwidth": 219,
            "app_id": 0,
            "backups": "disabled",
            "backups_schedule": [],
            "date_created": "2024-10-27T23:37:37+00:00",
            "ddos_protection": false,
            "default_password": "t@2Dj!(fM7=J!Vf+",
            "disk": 80,
            "enable_ipv6": true,
            "features": [
              "ipv6"
            ],
            "firewall_group_id": "",
            "gateway_v4": "45.32.80.1",
            "hostname": "arilosangeles",
            "id": "2f185646-9832-4cea-9f4f-0feb45c67393",
            "image_id": null,
            "internal_ip": "",
            "iso_id": null,
            "kvm": "https://my.vultr.com/subs/vps/novnc/api.php?data=djJ8bHdRQnZVWS1zOHlVQjNfRjMyYVM5NGpWRUhiLVJfeFN8lJaY86j_jHOwq3xygk5j6pGEkwNADYwi7Ey_EPOTLxHdF1ku-eaOwZJbzGpygJhIflfnH0eKiaXQE8iynsSzCDUNI6k3RBq0CqetYzci97_AMrRRLs5roJx-XYvadwrNms-2WH926sdorFu8xUUHhF7vNUVAXrw7mjTfes7ayMZ1vcMftRl0K7zZiSgWXT_7oRYIPtmrKgc3CPiQmD0j",
            "label": "arilosangeles",
            "main_ip": "45.32.80.211",
            "netmask_v4": "255.255.252.0",
            "os": "Ubuntu 22.04 x64",
            "os_id": 1743,
            "plan": "vc2-2c-4gb",
            "power_status": "running",
            "private_network_ids": [],
            "ram": 4096,
            "region": "lax",
            "reserved_ip_id": null,
            "script_id": null,
            "server_status": "ok",
            "snapshot_id": null,
            "ssh_key_ids": [
              "b1062298-c96c-496c-90f8-ce21aaf97417"
            ],
            "status": "active",
            "tag": "",
            "tags": [],
            "timeouts": null,
            "user_data": null,
            "v6_main_ip": "2001:19f0:6001:4fdd:5400:05ff:fe25:5c6f",
            "v6_network": "2001:19f0:6001:4fdd::",
            "v6_network_size": 64,
            "vcpu_count": 2,
            "vpc_ids": []
          },
          "sensitive_attributes": [
            [
              {
                "type": "get_attr",
                "value": "default_password"
              }
            ]
          ],
          "private": "eyJlMmJmYjczMC1lY2FhLTExZTYtOGY4OC0zNDM2M2JjN2M0YzAiOnsiY3JlYXRlIjozNjAwMDAwMDAwMDAwLCJ1cGRhdGUiOjM2MDAwMDAwMDAwMDB9fQ=="
        },
        {
          "index_key": "arimadrid",
          "schema_version": 0,
          "attributes": {
            "activation_email": false,
            "allowed_bandwidth": 4,
            "app_id": 0,
            "backups": "disabled",
            "backups_schedule": [],
            "date_created": "2024-10-29T21:56:58+00:00",
            "ddos_protection": false,
            "default_password": "6M{p3_}g2+ssx{=L",
            "disk": 80,
            "enable_ipv6": true,
            "features": [
              "ipv6"
            ],
            "firewall_group_id": "",
            "gateway_v4": "208.85.22.1",
            "hostname": "arimadrid",
            "id": "3a470fa4-9797-474d-8973-746570b3431a",
            "image_id": null,
            "internal_ip": "",
            "iso_id": null,
            "kvm": "https://my.vultr.com/subs/vps/novnc/api.php?data=djJ8S0NxZE1WdVBTR2VNRHhMM2szOUJMWUQwbTY2Y1B1NVZ85gB9CsC21RDQqx7uMCc014vLnHpdQqv5dmjuGeexZBw3NQcLAm7Hd_yyjfdRL1qKuRT9R4bp_NgbUR9E9CgOVSNHs9MkGU_efJsgwv1svEWlz5AY8IT0eINxX_bU-oQO8aE9HjODqTceYpdTP3JC4VF8I_1evW3R49R_uF4Fe-3iDtcWXn4bo0ejPpVE2V6dRYFWc5_Su8nl85E",
            "label": "arimadrid",
            "main_ip": "208.85.22.60",
            "netmask_v4": "255.255.254.0",
            "os": "Ubuntu 22.04 x64",
            "os_id": 1743,
            "plan": "vc2-2c-4gb",
            "power_status": "running",
            "private_network_ids": [],
            "ram": 4096,
            "region": "mad",
            "reserved_ip_id": null,
            "script_id": null,
            "server_status": "ok",
            "snapshot_id": null,
            "ssh_key_ids": [
              "b1062298-c96c-496c-90f8-ce21aaf97417"
            ],
            "status": "active",
            "tag": "",
            "tags": [],
            "timeouts": null,
            "user_data": null,
            "v6_main_ip": "2a05:f480:2800:1497:5400:05ff:fe26:0036",
            "v6_network": "2a05:f480:2800:1497::",
            "v6_network_size": 64,
            "vcpu_count": 2,
            "vpc_ids": []
          },
          "sensitive_attributes": [
            [
              {
                "type": "get_attr",
                "value": "default_password"
              }
            ]
          ],
          "private": "eyJlMmJmYjczMC1lY2FhLTExZTYtOGY4OC0zNDM2M2JjN2M0YzAiOnsiY3JlYXRlIjozNjAwMDAwMDAwMDAwLCJ1cGRhdGUiOjM2MDAwMDAwMDAwMDB9fQ=="
        },
        {
          "index_key": "arimanchester",
          "schema_version": 0,
          "attributes": {
            "activation_email": false,
            "allowed_bandwidth": 4,
            "app_id": 0,
            "backups": "disabled",
            "backups_schedule": [],
            "date_created": "2024-10-29T21:58:33+00:00",
            "ddos_protection": false,
            "default_password": "6Q]vEp#SZ5t+9._E",
            "disk": 80,
            "enable_ipv6": true,
            "features": [
              "ipv6"
            ],
            "firewall_group_id": "",
            "gateway_v4": "66.245.194.1",
            "hostname": "arimanchester",
            "id": "758b6243-9a6d-477f-ba4e-6149820e6b26",
            "image_id": null,
            "internal_ip": "",
            "iso_id": null,
            "kvm": "https://my.vultr.com/subs/vps/novnc/api.php?data=djJ8b0RxeENNTENZN2hoN2k0ZmZIa2NscmFnY00xdENhdVF8oYVjG9FsOl01YImfPoszW2eNhJg30EVICqSkPv3UFYD6YgPY6M7EgGfK8cRpiRbMz1-4_I3aUR9k8Zl1Xr47GO01dhmYnEnj4OH0deGafNdDeO3UfLXdb2Ca7RD3TDJktgONC_4myxra4i1eKywx_KT8kci_Jp0M1xBaDOB7u5jyfmCHsgc9PAyH4XqTTS_dK9BOnBQOIFnerOaRUxUe",
            "label": "arimanchester",
            "main_ip": "66.245.195.166",
            "netmask_v4": "255.255.254.0",
            "os": "Ubuntu 22.04 x64",
            "os_id": 1743,
            "plan": "vc2-2c-4gb",
            "power_status": "running",
            "private_network_ids": [],
            "ram": 4096,
            "region": "man",
            "reserved_ip_id": null,
            "script_id": null,
            "server_status": "ok",
            "snapshot_id": null,
            "ssh_key_ids": [
              "b1062298-c96c-496c-90f8-ce21aaf97417"
            ],
            "status": "active",
            "tag": "",
            "tags": [],
            "timeouts": null,
            "user_data": null,
            "v6_main_ip": "2a05:f480:3400:25a7:5400:05ff:fe26:005f",
            "v6_network": "2a05:f480:3400:25a7::",
            "v6_network_size": 64,
            "vcpu_count": 2,
            "vpc_ids": []
          },
          "sensitive_attributes": [
            [
              {
                "type": "get_attr",
                "value": "default_password"
              }
            ]
          ],
          "private": "eyJlMmJmYjczMC1lY2FhLTExZTYtOGY4OC0zNDM2M2JjN2M0YzAiOnsiY3JlYXRlIjozNjAwMDAwMDAwMDAwLCJ1cGRhdGUiOjM2MDAwMDAwMDAwMDB9fQ=="
        },
        {
          "index_key": "arimelbourne",
          "schema_version": 0,
          "attributes": {
            "activation_email": false,
            "allowed_bandwidth": 4,
            "app_id": 0,
            "backups": "disabled",
            "backups_schedule": [],
            "date_created": "2024-10-29T21:57:58+00:00",
            "ddos_protection": false,
            "default_password": "t6#LqoXQc]=k)uh,",
            "disk": 80,
            "enable_ipv6": true,
            "features": [
              "ipv6"
            ],
            "firewall_group_id": "",
            "gateway_v4": "139.84.196.1",
            "hostname": "arimelbourne",
            "id": "aba0732c-d515-4a26-8344-4d7f8830c485",
            "image_id": null,
            "internal_ip": "",
            "iso_id": null,
            "kvm": "https://my.vultr.com/subs/vps/novnc/api.php?data=djJ8eEtOa0RxZS1yT3BueEd1SXJNX0JQZ1JrcGIwUFloOUZ8EIVF0Mc45f6XvmXweaeeRmQ7a5x6W50MV6Mp30FgyXvEKGHa2Lo29NP-uwr3BI4xypU6NnXxGaApgAxaV4pgtVP8Ql_D-ZNOm9IILqgOYWn9fbQGyakeHc1SIVOKLEZTfp_EwmLWi9_4dekPuaIZC6pnNk-LI0g5cX_kYr92zZKrnkwFAkpfKmrPY6tmqK_4tnmaGP3LbYYfJFL2NZE",
            "label": "arimelbourne",
            "main_ip": "139.84.197.176",
            "netmask_v4": "255.255.254.0",
            "os": "Ubuntu 22.04 x64",
            "os_id": 1743,
            "plan": "vc2-2c-4gb",
            "power_status": "running",
            "private_network_ids": [],
            "ram": 4096,
            "region": "mel",
            "reserved_ip_id": null,
            "script_id": null,
            "server_status": "ok",
            "snapshot_id": null,
            "ssh_key_ids": [
              "b1062298-c96c-496c-90f8-ce21aaf97417"
            ],
            "status": "active",
            "tag": "",
            "tags": [],
            "timeouts": null,
            "user_data": null,
            "v6_main_ip": "2401:c080:2000:14b8:5400:05ff:fe26:0056",
            "v6_network": "2401:c080:2000:14b8::",
            "v6_network_size": 64,
            "vcpu_count": 2,
            "vpc_ids": []
          },
          "sensitive_attributes": [
            [
              {
                "type": "get_attr",
                "value": "default_password"
              }
            ]
          ],
          "private": "eyJlMmJmYjczMC1lY2FhLTExZTYtOGY4OC0zNDM2M2JjN2M0YzAiOnsiY3JlYXRlIjozNjAwMDAwMDAwMDAwLCJ1cGRhdGUiOjM2MDAwMDAwMDAwMDB9fQ=="
        },
        {
          "index_key": "arimexicocity",
          "schema_version": 0,
          "attributes": {
            "activation_email": false,
            "allowed_bandwidth": 4,
            "app_id": 0,
            "backups": "disabled",
            "backups_schedule": [],
            "date_created": "2024-10-29T21:56:58+00:00",
            "ddos_protection": false,
            "default_password": "#f4EbeM?]-B]Kjcs",
            "disk": 80,
            "enable_ipv6": true,
            "features": [
              "ipv6"
            ],
            "firewall_group_id": "",
            "gateway_v4": "216.238.84.1",
            "hostname": "arimexicocity",
            "id": "2367715c-6cec-4967-b149-bcc3931d9eb2",
            "image_id": null,
            "internal_ip": "",
            "iso_id": null,
            "kvm": "https://my.vultr.com/subs/vps/novnc/api.php?data=djJ8U1hia3N1SU55RmZDbWQ3azBOMnJ5QjBpWVBpZHJUa1F8iF_ZaoCFHnxpJjct-_p1IH-mWepzJO8tG0QpSN1PPBP7whZyURijN3I3VBhB5txcRs36s5lomt0JmqtBN-E3aZwEEXkvEIUcgNHJJLZ1ymwaF750DNc13dHaeHJmi6llp2mtAlla8-i7NAtQFIPXYQj93GQL-pTiFMJvp34FyCJIh0Nq05Twes-IuhG9eXKcej-DdKUtA0sffsr2m4zn",
            "label": "arimexicocity",
            "main_ip": "216.238.84.11",
            "netmask_v4": "255.255.254.0",
            "os": "Ubuntu 22.04 x64",
            "os_id": 1743,
            "plan": "vc2-2c-4gb",
            "power_status": "running",
            "private_network_ids": [],
            "ram": 4096,
            "region": "mex",
            "reserved_ip_id": null,
            "script_id": null,
            "server_status": "ok",
            "snapshot_id": null,
            "ssh_key_ids": [
              "b1062298-c96c-496c-90f8-ce21aaf97417"
            ],
            "status": "active",
            "tag": "",
            "tags": [],
            "timeouts": null,
            "user_data": null,
            "v6_main_ip": "2001:19f0:b400:2164:5400:05ff:fe26:002f",
            "v6_network": "2001:19f0:b400:2164::",
            "v6_network_size": 64,
            "vcpu_count": 2,
            "vpc_ids": []
          },
          "sensitive_attributes": [
            [
              {
                "type": "get_attr",
                "value": "default_password"
              }
            ]
          ],
          "private": "eyJlMmJmYjczMC1lY2FhLTExZTYtOGY4OC0zNDM2M2JjN2M0YzAiOnsiY3JlYXRlIjozNjAwMDAwMDAwMDAwLCJ1cGRhdGUiOjM2MDAwMDAwMDAwMDB9fQ=="
        },
        {
          "index_key": "arimiami",
          "schema_version": 0,
          "attributes": {
            "activation_email": false,
            "allowed_bandwidth": 4,
            "app_id": 0,
            "backups": "disabled",
            "backups_schedule": [],
            "date_created": "2024-10-29T21:57:28+00:00",
            "ddos_protection": false,
            "default_password": "3_Bppimb3_pPb2G?",
            "disk": 80,
            "enable_ipv6": true,
            "features": [
              "ipv6"
            ],
            "firewall_group_id": "",
            "gateway_v4": "207.246.116.1",
            "hostname": "arimiami",
            "id": "e6a09d82-72f4-4e1b-bbd2-3ff55f3e3b9e",
            "image_id": null,
            "internal_ip": "",
            "iso_id": null,
            "kvm": "https://my.vultr.com/subs/vps/novnc/api.php?data=djJ8MGRwall0NzVnaktUNnRhamo2c0dyTHd6UnhZc25oVEJ8iiU27ggtP_mI6leIXUHp71Id3HvKAW62YSg5TnJYPLv30xseIQVGty-A53EZKN66whWlOQqCIKVE6yj0inmQWQm8U-E0djIPKHDA4r9GW8bOSCbPX04NBTuzEU3W08M9vu2WM67cWTzOMh4CXFZaJegcA3Lb1Y8EwmTPp8LS-e55Gr5dcVNZ_ZDk_EbksOhHXqVzFnf3LTAr2g",
            "label": "arimiami",
            "main_ip": "207.246.117.158",
            "netmask_v4": "255.255.254.0",
            "os": "Ubuntu 22.04 x64",
            "os_id": 1743,
            "plan": "vc2-2c-4gb",
            "power_status": "running",
            "private_network_ids": [],
            "ram": 4096,
            "region": "mia",
            "reserved_ip_id": null,
            "script_id": null,
            "server_status": "ok",
            "snapshot_id": null,
            "ssh_key_ids": [
              "b1062298-c96c-496c-90f8-ce21aaf97417"
            ],
            "status": "active",
            "tag": "",
            "tags": [],
            "timeouts": null,
            "user_data": null,
            "v6_main_ip": "2001:19f0:9003:0612:5400:05ff:fe26:003c",
            "v6_network": "2001:19f0:9003:612::",
            "v6_network_size": 64,
            "vcpu_count": 2,
            "vpc_ids": []
          },
          "sensitive_attributes": [
            [
              {
                "type": "get_attr",
                "value": "default_password"
              }
            ]
          ],
          "private": "eyJlMmJmYjczMC1lY2FhLTExZTYtOGY4OC0zNDM2M2JjN2M0YzAiOnsiY3JlYXRlIjozNjAwMDAwMDAwMDAwLCJ1cGRhdGUiOjM2MDAwMDAwMDAwMDB9fQ=="
        },
        {
          "index_key": "arimumbai",
          "schema_version": 0,
          "attributes": {
            "activation_email": false,
            "allowed_bandwidth": 4,
            "app_id": 0,
            "backups": "disabled",
            "backups_schedule": [],
            "date_created": "2024-10-29T21:56:58+00:00",
            "ddos_protection": false,
            "default_password": "9Sp$i$C!+U4GS%7q",
            "disk": 80,
            "enable_ipv6": true,
            "features": [
              "ipv6"
            ],
            "firewall_group_id": "",
            "gateway_v4": "65.20.88.1",
            "hostname": "arimumbai",
            "id": "ef9dc45f-63d9-4e1a-aa5b-4f93a948fde9",
            "image_id": null,
            "internal_ip": "",
            "iso_id": null,
            "kvm": "https://my.vultr.com/subs/vps/novnc/api.php?data=djJ8UnVjWERmbHFveDd1cE1EbF92Tl9MUmN3RmhlOEV1aHR8paNACdcRlbBWzW5CrLU48v-GUYEnZ-Wo4wmI_wdLv30R89OmMwRQtu5-L-MJfd3XzRFE0T8qFQIiODId9fMAW8Rl0wb0hvoMbzOSd0QcifjXkgkkzAbtkARYhhaLzQQLuwe_95Kxc-PxYlrbWXdeAoh57WirovwHhMY104QYiq8rbr98ihlmNZSClRSmmJIRqgJX7IMNg3a2XQ",
            "label": "arimumbai",
            "main_ip": "65.20.88.133",
            "netmask_v4": "255.255.254.0",
            "os": "Ubuntu 22.04 x64",
            "os_id": 1743,
            "plan": "vc2-2c-4gb",
            "power_status": "running",
            "private_network_ids": [],
            "ram": 4096,
            "region": "bom",
            "reserved_ip_id": null,
            "script_id": null,
            "server_status": "ok",
            "snapshot_id": null,
            "ssh_key_ids": [
              "b1062298-c96c-496c-90f8-ce21aaf97417"
            ],
            "status": "active",
            "tag": "",
            "tags": [],
            "timeouts": null,
            "user_data": null,
            "v6_main_ip": "2401:c080:2400:2539:5400:05ff:fe26:002d",
            "v6_network": "2401:c080:2400:2539::",
            "v6_network_size": 64,
            "vcpu_count": 2,
            "vpc_ids": []
          },
          "sensitive_attributes": [
            [
              {
                "type": "get_attr",
                "value": "default_password"
              }
            ]
          ],
          "private": "eyJlMmJmYjczMC1lY2FhLTExZTYtOGY4OC0zNDM2M2JjN2M0YzAiOnsiY3JlYXRlIjozNjAwMDAwMDAwMDAwLCJ1cGRhdGUiOjM2MDAwMDAwMDAwMDB9fQ=="
        },
        {
          "index_key": "arinewjersey",
          "schema_version": 0,
          "attributes": {
            "activation_email": false,
            "allowed_bandwidth": 4,
            "app_id": 0,
            "backups": "disabled",
            "backups_schedule": [],
            "date_created": "2024-10-29T21:57:39+00:00",
            "ddos_protection": false,
            "default_password": "7k$P{BV.C5w?cDNX",
            "disk": 80,
            "enable_ipv6": true,
            "features": [
              "ipv6"
            ],
            "firewall_group_id": "",
            "gateway_v4": "45.77.100.1",
            "hostname": "arinewjersey",
            "id": "433f58d4-8033-4b8d-a385-8345abd8a215",
            "image_id": null,
            "internal_ip": "",
            "iso_id": null,
            "kvm": "https://my.vultr.com/subs/vps/novnc/api.php?data=djJ8bGU4ck9hQjNxSEx0ZlEyN21sUFYwazNJd19qZ3pzNV98UqWqL2RMMuCs9Y-0TDB_MhR8ew4tGQE2y8ix6Bv1HIf0YlAJ9WCfK6Z07rJURDYDqc2CZ38aopIf5Bkv5L4HD41HvG1VmFqGRnroGJ30wkzCPxDmEsoxavXSYXcMflMhOAFe_85ZBRGMxSTxbgqZ7mIcIyn_EA6p32x2qzHcxoOJFsTN_V-VK-D9kglJwIxgKen2E88JZCSWQdXDW1Q",
            "label": "arinewjersey",
            "main_ip": "45.77.100.213",
            "netmask_v4": "255.255.254.0",
            "os": "Ubuntu 22.04 x64",
            "os_id": 1743,
            "plan": "vc2-2c-4gb",
            "power_status": "running",
            "private_network_ids": [],
            "ram": 4096,
            "region": "ewr",
            "reserved_ip_id": null,
            "script_id": null,
            "server_status": "ok",
            "snapshot_id": null,
            "ssh_key_ids": [
              "b1062298-c96c-496c-90f8-ce21aaf97417"
            ],
            "status": "active",
            "tag": "",
            "tags": [],
            "timeouts": null,
            "user_data": null,
            "v6_main_ip": "2001:19f0:1000:7a94:5400:05ff:fe26:0052",
            "v6_network": "2001:19f0:1000:7a94::",
            "v6_network_size": 64,
            "vcpu_count": 2,
            "vpc_ids": []
          },
          "sensitive_attributes": [
            [
              {
                "type": "get_attr",
                "value": "default_password"
              }
            ]
          ],
          "private": "eyJlMmJmYjczMC1lY2FhLTExZTYtOGY4OC0zNDM2M2JjN2M0YzAiOnsiY3JlYXRlIjozNjAwMDAwMDAwMDAwLCJ1cGRhdGUiOjM2MDAwMDAwMDAwMDB9fQ=="
        },
        {
          "index_key": "ariosaka",
          "schema_version": 0,
          "attributes": {
            "activation_email": false,
            "allowed_bandwidth": 4,
            "app_id": 0,
            "backups": "disabled",
            "backups_schedule": [],
            "date_created": "2024-10-29T21:58:39+00:00",
            "ddos_protection": false,
            "default_password": "Fi[3MSmLUwoQr_J7",
            "disk": 80,
            "enable_ipv6": true,
            "features": [
              "ipv6"
            ],
            "firewall_group_id": "",
            "gateway_v4": "64.176.46.1",
            "hostname": "ariosaka",
            "id": "7f81057b-39ee-4735-9c7a-8936ac7a4aba",
            "image_id": null,
            "internal_ip": "",
            "iso_id": null,
            "kvm": "https://my.vultr.com/subs/vps/novnc/api.php?data=djJ8TnhDZk1LeEtTTmc4SG5icWNhUWpJd2ViVml3Q0NEVkZ8VQsvMmPLLkJFLOLG75NUJ7VuZ9q_rWlU0ovV9C3ImSHxM7bv_Pz30IDbtwQ4rrcdqjrcioTXlhRJjEMrD3dq3-6eb0_r1f-z2OXrwJ2ehI7515c7klbKtPyx28Gi5X1VV2t3yn8EWvOauTYH4CZKBRaoZ3yUC1YyogbR345tBn5_lgHHZxGGY850c0_k98uZpgIHvUrxWl0Y",
            "label": "ariosaka",
            "main_ip": "64.176.47.195",
            "netmask_v4": "255.255.254.0",
            "os": "Ubuntu 22.04 x64",
            "os_id": 1743,
            "plan": "vc2-2c-4gb",
            "power_status": "running",
            "private_network_ids": [],
            "ram": 4096,
            "region": "itm",
            "reserved_ip_id": null,
            "script_id": null,
            "server_status": "ok",
            "snapshot_id": null,
            "ssh_key_ids": [
              "b1062298-c96c-496c-90f8-ce21aaf97417"
            ],
            "status": "active",
            "tag": "",
            "tags": [],
            "timeouts": null,
            "user_data": null,
            "v6_main_ip": "2401:c080:3800:3fc2:5400:05ff:fe26:0060",
            "v6_network": "2401:c080:3800:3fc2::",
            "v6_network_size": 64,
            "vcpu_count": 2,
            "vpc_ids": []
          },
          "sensitive_attributes": [
            [
              {
                "type": "get_attr",
                "value": "default_password"
              }
            ]
          ],
          "private": "eyJlMmJmYjczMC1lY2FhLTExZTYtOGY4OC0zNDM2M2JjN2M0YzAiOnsiY3JlYXRlIjozNjAwMDAwMDAwMDAwLCJ1cGRhdGUiOjM2MDAwMDAwMDAwMDB9fQ=="
        },
        {
          "index_key": "ariparis",
          "schema_version": 0,
          "attributes": {
            "activation_email": false,
            "allowed_bandwidth": 4,
            "app_id": 0,
            "backups": "disabled",
            "backups_schedule": [],
            "date_created": "2024-10-29T21:56:58+00:00",
            "ddos_protection": false,
            "default_password": "7w{Dc4-MH+Wi4sD*",
            "disk": 80,
            "enable_ipv6": true,
            "features": [
              "ipv6"
            ],
            "firewall_group_id": "",
            "gateway_v4": "45.63.114.1",
            "hostname": "ariparis",
            "id": "9dfc87a6-8b65-4993-8119-a52e36a5792d",
            "image_id": null,
            "internal_ip": "",
            "iso_id": null,
            "kvm": "https://my.vultr.com/subs/vps/novnc/api.php?data=djJ8d092aWdtRlhqNHhkQnlFUmo5NkhfVnlKa0FMRm83VXl8-e0sizajCcqxLq__7Hp4cbKQTSEGDD05imELtfRRuqf-a0dySMKtsfpD4Kcojk_B3i4W4FkMq7IHXPBjwa8HFYabFmjCNsvZm7jjosAlo1r2IM7ZleInrEOHchtbBWO_vsbn5Y-EXvhbHzpk3Ail6pvLZ_l97kChm2yCoWAQgA2j29Ss98xyjmA7klvKWawd0SB82oycyL87",
            "label": "ariparis",
            "main_ip": "45.63.115.45",
            "netmask_v4": "255.255.254.0",
            "os": "Ubuntu 22.04 x64",
            "os_id": 1743,
            "plan": "vc2-2c-4gb",
            "power_status": "running",
            "private_network_ids": [],
            "ram": 4096,
            "region": "cdg",
            "reserved_ip_id": null,
            "script_id": null,
            "server_status": "ok",
            "snapshot_id": null,
            "ssh_key_ids": [
              "b1062298-c96c-496c-90f8-ce21aaf97417"
            ],
            "status": "active",
            "tag": "",
            "tags": [],
            "timeouts": null,
            "user_data": null,
            "v6_main_ip": "2a05:f480:1c00:0fd2:5400:05ff:fe26:0030",
            "v6_network": "2a05:f480:1c00:fd2::",
            "v6_network_size": 64,
            "vcpu_count": 2,
            "vpc_ids": []
          },
          "sensitive_attributes": [
            [
              {
                "type": "get_attr",
                "value": "default_password"
              }
            ]
          ],
          "private": "eyJlMmJmYjczMC1lY2FhLTExZTYtOGY4OC0zNDM2M2JjN2M0YzAiOnsiY3JlYXRlIjozNjAwMDAwMDAwMDAwLCJ1cGRhdGUiOjM2MDAwMDAwMDAwMDB9fQ=="
        },
        {
          "index_key": "arisantiago",
          "schema_version": 0,
          "attributes": {
            "activation_email": false,
            "allowed_bandwidth": 4,
            "app_id": 0,
            "backups": "disabled",
            "backups_schedule": [],
            "date_created": "2024-10-29T21:59:00+00:00",
            "ddos_protection": false,
            "default_password": "*A9n]Y+(@nR+(txV",
            "disk": 80,
            "enable_ipv6": true,
            "features": [
              "ipv6"
            ],
            "firewall_group_id": "",
            "gateway_v4": "64.176.14.1",
            "hostname": "arisantiago",
            "id": "6e7ab292-8efa-4b71-8a52-479b37fb9cbb",
            "image_id": null,
            "internal_ip": "",
            "iso_id": null,
            "kvm": "https://my.vultr.com/subs/vps/novnc/api.php?data=djJ8RDdIN0pyZmxPNFY0cy1RTWJMMnhWbmJZU0E2dDVMdFl8ZxCg_9WhpZM7n11qCLe5WOOFUucdz07fgtYqcoU9iU0Ap2Fbn7ADEM5YgdoP4jz1FiB_CmEOeGxzCMbo3BVa4K_NE0asz_QDYw2pvBdBF5tmh-DuyqbfapjZ1nbtFMUfTA5qDjW3TEsjwIWpOePLNCsYP-NNtr6L1boIBR5lQkUSgmO8OEgg1F1zgZiHIkKbPAfjw26TGh2xbbuJ2A",
            "label": "arisantiago",
            "main_ip": "64.176.15.108",
            "netmask_v4": "255.255.254.0",
            "os": "Ubuntu 22.04 x64",
            "os_id": 1743,
            "plan": "vc2-2c-4gb",
            "power_status": "running",
            "private_network_ids": [],
            "ram": 4096,
            "region": "scl",
            "reserved_ip_id": null,
            "script_id": null,
            "server_status": "ok",
            "snapshot_id": null,
            "ssh_key_ids": [
              "b1062298-c96c-496c-90f8-ce21aaf97417"
            ],
            "status": "active",
            "tag": "",
            "tags": [],
            "timeouts": null,
            "user_data": null,
            "v6_main_ip": "2001:19f0:c800:2fe4:5400:05ff:fe26:0063",
            "v6_network": "2001:19f0:c800:2fe4::",
            "v6_network_size": 64,
            "vcpu_count": 2,
            "vpc_ids": []
          },
          "sensitive_attributes": [
            [
              {
                "type": "get_attr",
                "value": "default_password"
              }
            ]
          ],
          "private": "eyJlMmJmYjczMC1lY2FhLTExZTYtOGY4OC0zNDM2M2JjN2M0YzAiOnsiY3JlYXRlIjozNjAwMDAwMDAwMDAwLCJ1cGRhdGUiOjM2MDAwMDAwMDAwMDB9fQ=="
        },
        {
          "index_key": "ariseattle",
          "schema_version": 0,
          "attributes": {
            "activation_email": false,
            "allowed_bandwidth": 4,
            "app_id": 0,
            "backups": "disabled",
            "backups_schedule": [],
            "date_created": "2024-10-29T21:56:58+00:00",
            "ddos_protection": false,
            "default_password": "z4$A,h*PTjbd=+uc",
            "disk": 80,
            "enable_ipv6": true,
            "features": [
              "ipv6"
            ],
            "firewall_group_id": "",
            "gateway_v4": "144.202.94.1",
            "hostname": "ariseattle",
            "id": "6e3cd2c0-7f23-47cf-8709-709c9e44a54d",
            "image_id": null,
            "internal_ip": "",
            "iso_id": null,
            "kvm": "https://my.vultr.com/subs/vps/novnc/api.php?data=djJ8MkFSWXVEekJNOFBSVHZHRm5sRVdBVkl0V0RDR0ZBSnF8tJ9K3OiCU17MliJywJ8jhTb_02g8pVlrseBDZdX9X7YfACOsn1sT6zME2hQG0PV4x5ejSHG37CKji-FYutgywlK9NbSWC1OYfRre5BbbQaMwjQsQE9iQEXltd_H5vFH7mBT_0tp05jJ9859dlNTw1uiOCnYQMZuWttklyS8Ny86f9T0Y-yrwIcWOXBkun0c_UX0iMIdQcaAL_00",
            "label": "ariseattle",
            "main_ip": "144.202.95.244",
            "netmask_v4": "255.255.254.0",
            "os": "Ubuntu 22.04 x64",
            "os_id": 1743,
            "plan": "vc2-2c-4gb",
            "power_status": "running",
            "private_network_ids": [],
            "ram": 4096,
            "region": "sea",
            "reserved_ip_id": null,
            "script_id": null,
            "server_status": "ok",
            "snapshot_id": null,
            "ssh_key_ids": [
              "b1062298-c96c-496c-90f8-ce21aaf97417"
            ],
            "status": "active",
            "tag": "",
            "tags": [],
            "timeouts": null,
            "user_data": null,
            "v6_main_ip": "2001:19f0:8001:0ac0:5400:05ff:fe26:0034",
            "v6_network": "2001:19f0:8001:ac0::",
            "v6_network_size": 64,
            "vcpu_count": 2,
            "vpc_ids": []
          },
          "sensitive_attributes": [
            [
              {
                "type": "get_attr",
                "value": "default_password"
              }
            ]
          ],
          "private": "eyJlMmJmYjczMC1lY2FhLTExZTYtOGY4OC0zNDM2M2JjN2M0YzAiOnsiY3JlYXRlIjozNjAwMDAwMDAwMDAwLCJ1cGRhdGUiOjM2MDAwMDAwMDAwMDB9fQ=="
        },
        {
          "index_key": "ariseoul",
          "schema_version": 0,
          "attributes": {
            "activation_email": false,
            "allowed_bandwidth": 4,
            "app_id": 0,
            "backups": "disabled",
            "backups_schedule": [],
            "date_created": "2024-10-29T21:57:39+00:00",
            "ddos_protection": false,
            "default_password": "3jX!i4)jZR}ma2%h",
            "disk": 80,
            "enable_ipv6": true,
            "features": [
              "ipv6"
            ],
            "firewall_group_id": "",
            "gateway_v4": "158.247.252.1",
            "hostname": "ariseoul",
            "id": "18d63c2d-cb8c-4fe2-839c-4d69dfd4dfa4",
            "image_id": null,
            "internal_ip": "",
            "iso_id": null,
            "kvm": "https://my.vultr.com/subs/vps/novnc/api.php?data=djJ8eURyclc4SDJGVWhrQy1sR1psNUtXaC1wU0ZXZzNkLUN8nYBb4IbrcY4ps3IS5v908KP1gPFedOKr8ltAc4y_A1XOF8Els7wYP2OL1nsy12du5YVCuKiB4e-1qvMa_v5lGFMyA9VGoyA0ZeQYloCXq9AJre6eNDCSLFxmGjEaaGeAHUdUY-ip05RBZgDMInuOOQQS3GR8vT8cEgOjDJOe3uGTznV8AYC0SrPSSvUsmNSlNQrMY5MLxEQPXg",
            "label": "ariseoul",
            "main_ip": "158.247.252.187",
            "netmask_v4": "255.255.254.0",
            "os": "Ubuntu 22.04 x64",
            "os_id": 1743,
            "plan": "vc2-2c-4gb",
            "power_status": "running",
            "private_network_ids": [],
            "ram": 4096,
            "region": "icn",
            "reserved_ip_id": null,
            "script_id": null,
            "server_status": "ok",
            "snapshot_id": null,
            "ssh_key_ids": [
              "b1062298-c96c-496c-90f8-ce21aaf97417"
            ],
            "status": "active",
            "tag": "",
            "tags": [],
            "timeouts": null,
            "user_data": null,
            "v6_main_ip": "2401:c080:1c02:130f:5400:05ff:fe26:0051",
            "v6_network": "2401:c080:1c02:130f::",
            "v6_network_size": 64,
            "vcpu_count": 2,
            "vpc_ids": []
          },
          "sensitive_attributes": [
            [
              {
                "type": "get_attr",
                "value": "default_password"
              }
            ]
          ],
          "private": "eyJlMmJmYjczMC1lY2FhLTExZTYtOGY4OC0zNDM2M2JjN2M0YzAiOnsiY3JlYXRlIjozNjAwMDAwMDAwMDAwLCJ1cGRhdGUiOjM2MDAwMDAwMDAwMDB9fQ=="
        },
        {
          "index_key": "arisiliconvalley",
          "schema_version": 0,
          "attributes": {
            "activation_email": false,
            "allowed_bandwidth": 4,
            "app_id": 0,
            "backups": "disabled",
            "backups_schedule": [],
            "date_created": "2024-10-29T21:56:58+00:00",
            "ddos_protection": false,
            "default_password": "9G.dN3pc$TDk5usF",
            "disk": 80,
            "enable_ipv6": true,
            "features": [
              "ipv6"
            ],
            "firewall_group_id": "",
            "gateway_v4": "45.63.82.1",
            "hostname": "arisiliconvalley",
            "id": "40ee9ec2-f696-4fa9-bc71-aac66d2d8698",
            "image_id": null,
            "internal_ip": "",
            "iso_id": null,
            "kvm": "https://my.vultr.com/subs/vps/novnc/api.php?data=djJ8dU9ta3VMT24tUTlWcDB5NUM0THNVaVMyRnVaWWdFb0p8LzG9kpfNfOA7cRDVT6tOI9F-vTYPaulOguEqjZm9Dwq0rdeZeIjzTL0qEDgtd6N-U-6XPDRpwMo3A8w4HotZDVa3UG25zn2mRouYViWYS-goGBI1rhcfS3WbqMCpulrPPMlaaydYDV3jXMwTH1gptm3gdOWVCVBhInBR-WWqtla8k-QaG7GcO5gYfqDNeeNJkN_DuK6qtbt0Ypo0lofpqZz5",
            "label": "arisiliconvalley",
            "main_ip": "45.63.82.112",
            "netmask_v4": "255.255.254.0",
            "os": "Ubuntu 22.04 x64",
            "os_id": 1743,
            "plan": "vc2-2c-4gb",
            "power_status": "running",
            "private_network_ids": [],
            "ram": 4096,
            "region": "sjc",
            "reserved_ip_id": null,
            "script_id": null,
            "server_status": "ok",
            "snapshot_id": null,
            "ssh_key_ids": [
              "b1062298-c96c-496c-90f8-ce21aaf97417"
            ],
            "status": "active",
            "tag": "",
            "tags": [],
            "timeouts": null,
            "user_data": null,
            "v6_main_ip": "2001:19f0:ac00:441a:5400:05ff:fe26:0031",
            "v6_network": "2001:19f0:ac00:441a::",
            "v6_network_size": 64,
            "vcpu_count": 2,
            "vpc_ids": []
          },
          "sensitive_attributes": [
            [
              {
                "type": "get_attr",
                "value": "default_password"
              }
            ]
          ],
          "private": "eyJlMmJmYjczMC1lY2FhLTExZTYtOGY4OC0zNDM2M2JjN2M0YzAiOnsiY3JlYXRlIjozNjAwMDAwMDAwMDAwLCJ1cGRhdGUiOjM2MDAwMDAwMDAwMDB9fQ=="
        },
        {
          "index_key": "arisingapore",
          "schema_version": 0,
          "attributes": {
            "activation_email": false,
            "allowed_bandwidth": 4,
            "app_id": 0,
            "backups": "disabled",
            "backups_schedule": [],
            "date_created": "2024-10-29T21:57:38+00:00",
            "ddos_protection": false,
            "default_password": "6?dHCD4=U{XkLmb=",
            "disk": 80,
            "enable_ipv6": true,
            "features": [
              "ipv6"
            ],
            "firewall_group_id": "",
            "gateway_v4": "45.76.160.1",
            "hostname": "arisingapore",
            "id": "9c3f3f5c-02bc-4069-8b3d-73b54df8b6a6",
            "image_id": null,
            "internal_ip": "",
            "iso_id": null,
            "kvm": "https://my.vultr.com/subs/vps/novnc/api.php?data=djJ8U1FqS0dXSi1fMjVnSUxsTjZoczJuakJVcXNDQXJGZ3l80g9YYd7U5T90frI2IenVU58YPyAXgYi6dZZTc8xCkTf5JFqnf2n26g6sX_B7GKrWrCDiGGFgECSoxwgAIk36O9Rg_GE4XEmBVMXsUUYGUe4KVH12t9U8w-9xh3T3kxZl2x052qdn9PZ7E_N0xZffVqPCsTLprLGLe32ho7ZYWJhXBw6Z3UUh7khEZ49Ju0Qs12TYUPQemShZ1ttxFMM",
            "label": "arisingapore",
            "main_ip": "45.76.161.161",
            "netmask_v4": "255.255.254.0",
            "os": "Ubuntu 22.04 x64",
            "os_id": 1743,
            "plan": "vc2-2c-4gb",
            "power_status": "running",
            "private_network_ids": [],
            "ram": 4096,
            "region": "sgp",
            "reserved_ip_id": null,
            "script_id": null,
            "server_status": "ok",
            "snapshot_id": null,
            "ssh_key_ids": [
              "b1062298-c96c-496c-90f8-ce21aaf97417"
            ],
            "status": "active",
            "tag": "",
            "tags": [],
            "timeouts": null,
            "user_data": null,
            "v6_main_ip": "2401:c080:1400:5a45:5400:05ff:fe26:0050",
            "v6_network": "2401:c080:1400:5a45::",
            "v6_network_size": 64,
            "vcpu_count": 2,
            "vpc_ids": []
          },
          "sensitive_attributes": [
            [
              {
                "type": "get_attr",
                "value": "default_password"
              }
            ]
          ],
          "private": "eyJlMmJmYjczMC1lY2FhLTExZTYtOGY4OC0zNDM2M2JjN2M0YzAiOnsiY3JlYXRlIjozNjAwMDAwMDAwMDAwLCJ1cGRhdGUiOjM2MDAwMDAwMDAwMDB9fQ=="
        },
        {
          "index_key": "aristockholm",
          "schema_version": 0,
          "attributes": {
            "activation_email": false,
            "allowed_bandwidth": 4,
            "app_id": 0,
            "backups": "disabled",
            "backups_schedule": [],
            "date_created": "2024-10-29T21:56:58+00:00",
            "ddos_protection": false,
            "default_password": "r4V}c)Uc3qZ}332g",
            "disk": 80,
            "enable_ipv6": true,
            "features": [
              "ipv6"
            ],
            "firewall_group_id": "",
            "gateway_v4": "65.20.112.1",
            "hostname": "aristockholm",
            "id": "f629a312-1b68-4186-b54d-439688a2e93a",
            "image_id": null,
            "internal_ip": "",
            "iso_id": null,
            "kvm": "https://my.vultr.com/subs/vps/novnc/api.php?data=djJ8cEh6Q2xWb1JaMklVOHJxbGlFN0VwMDdOQ3F0SVhJSDF8SQhC7WMuPVOFK91TEDPoO1_mnBbMKRFbxGb_CgXm8URqcBq7hD4awo4pP64XFTj3z7nCkrNCB79_NKNjelBoZoVvQOh5fOzmZmNns3MCDr72IylSNyhKj69mYavkLxV3GDjJPoH1qWaTd5-XQK6jorkV2ryGt6IhG8M5d8wohzDO4pTUuu3PfxUHM41s5HohYt48dcEBMdcdeE834-A",
            "label": "aristockholm",
            "main_ip": "65.20.113.96",
            "netmask_v4": "255.255.254.0",
            "os": "Ubuntu 22.04 x64",
            "os_id": 1743,
            "plan": "vc2-2c-4gb",
            "power_status": "running",
            "private_network_ids": [],
            "ram": 4096,
            "region": "sto",
            "reserved_ip_id": null,
            "script_id": null,
            "server_status": "ok",
            "snapshot_id": null,
            "ssh_key_ids": [
              "b1062298-c96c-496c-90f8-ce21aaf97417"
            ],
            "status": "active",
            "tag": "",
            "tags": [],
            "timeouts": null,
            "user_data": null,
            "v6_main_ip": "2a05:f480:2000:248f:5400:05ff:fe26:0032",
            "v6_network": "2a05:f480:2000:248f::",
            "v6_network_size": 64,
            "vcpu_count": 2,
            "vpc_ids": []
          },
          "sensitive_attributes": [
            [
              {
                "type": "get_attr",
                "value": "default_password"
              }
            ]
          ],
          "private": "eyJlMmJmYjczMC1lY2FhLTExZTYtOGY4OC0zNDM2M2JjN2M0YzAiOnsiY3JlYXRlIjozNjAwMDAwMDAwMDAwLCJ1cGRhdGUiOjM2MDAwMDAwMDAwMDB9fQ=="
        },
        {
          "index_key": "arisydney",
          "schema_version": 0,
          "attributes": {
            "activation_email": false,
            "allowed_bandwidth": 4,
            "app_id": 0,
            "backups": "disabled",
            "backups_schedule": [],
            "date_created": "2024-10-29T21:56:58+00:00",
            "ddos_protection": false,
            "default_password": "dK5-#AaK}i9syY}4",
            "disk": 80,
            "enable_ipv6": true,
            "features": [
              "ipv6"
            ],
            "firewall_group_id": "",
            "gateway_v4": "45.76.122.1",
            "hostname": "arisydney",
            "id": "91ef49f6-254c-4510-97fd-6fbcd5f8ab98",
            "image_id": null,
            "internal_ip": "",
            "iso_id": null,
            "kvm": "https://my.vultr.com/subs/vps/novnc/api.php?data=djJ8MzJtMl90Tk5KdGg5TlQyNnpLUDg4Y0M0azNQNzY0MlV8OlrPg45dioBfaPdeFzUMg6q1-lbk1kSRGS15DIRHd3W-EvPZ5BfJiWH_XDT57oAQ_NO6AAYeqcmWdroAsZ88r4tdGZdDs7jbMvaKV0WlzgoNUdYmDUtLBnB1oPJGk1QSCg_0G1-IagSrl40GbNViGNMBcf-f44iA-WwCcowoGReObSnL8s40xpUFXZhjln3F6eiMP58qY0YOWtQ",
            "label": "arisydney",
            "main_ip": "45.76.122.21",
            "netmask_v4": "255.255.254.0",
            "os": "Ubuntu 22.04 x64",
            "os_id": 1743,
            "plan": "vc2-2c-4gb",
            "power_status": "running",
            "private_network_ids": [],
            "ram": 4096,
            "region": "syd",
            "reserved_ip_id": null,
            "script_id": null,
            "server_status": "ok",
            "snapshot_id": null,
            "ssh_key_ids": [
              "b1062298-c96c-496c-90f8-ce21aaf97417"
            ],
            "status": "active",
            "tag": "",
            "tags": [],
            "timeouts": null,
            "user_data": null,
            "v6_main_ip": "2001:19f0:5800:1b7f:5400:05ff:fe26:0035",
            "v6_network": "2001:19f0:5800:1b7f::",
            "v6_network_size": 64,
            "vcpu_count": 2,
            "vpc_ids": []
          },
          "sensitive_attributes": [
            [
              {
                "type": "get_attr",
                "value": "default_password"
              }
            ]
          ],
          "private": "eyJlMmJmYjczMC1lY2FhLTExZTYtOGY4OC0zNDM2M2JjN2M0YzAiOnsiY3JlYXRlIjozNjAwMDAwMDAwMDAwLCJ1cGRhdGUiOjM2MDAwMDAwMDAwMDB9fQ=="
        },
        {
          "index_key": "aritelaviv",
          "schema_version": 0,
          "attributes": {
            "activation_email": false,
            "allowed_bandwidth": 4,
            "app_id": 0,
            "backups": "disabled",
            "backups_schedule": [],
            "date_created": "2024-10-29T21:58:33+00:00",
            "ddos_protection": false,
            "default_password": "Fu+3GNPJHcV])y-Z",
            "disk": 80,
            "enable_ipv6": true,
            "features": [
              "ipv6"
            ],
            "firewall_group_id": "",
            "gateway_v4": "64.176.168.1",
            "hostname": "aritelaviv",
            "id": "453e873b-941f-4802-b9c9-a3decf0fc7ca",
            "image_id": null,
            "internal_ip": "",
            "iso_id": null,
            "kvm": "https://my.vultr.com/subs/vps/novnc/api.php?data=djJ8V0h0elFxMWlWMjJXcVNlRXZ3LXBSQ3JnZXBNQzY0RVN8CMLr0NZdSZVGcqfOAlcgCu3zWoWU3sfyCXE7RrwmQydyv36N6TGmQhBIII3-LGi_r6_koRAqpapT_ugIpn_sfrnphdw1OJHIDp8OWGSWsnDXdF7WYPCerFzl0Plu_Q1Z-8WkDXbZzOyiL9oFTXERGICudT4meiPvZKhTDZCxVyUPDrApXy29PWpwgJz8f7wM4r2p5xBjUaF0HCaC",
            "label": "aritelaviv",
            "main_ip": "64.176.168.253",
            "netmask_v4": "255.255.254.0",
            "os": "Ubuntu 22.04 x64",
            "os_id": 1743,
            "plan": "vc2-2c-4gb",
            "power_status": "running",
            "private_network_ids": [],
            "ram": 4096,
            "region": "tlv",
            "reserved_ip_id": null,
            "script_id": null,
            "server_status": "ok",
            "snapshot_id": null,
            "ssh_key_ids": [
              "b1062298-c96c-496c-90f8-ce21aaf97417"
            ],
            "status": "active",
            "tag": "",
            "tags": [],
            "timeouts": null,
            "user_data": null,
            "v6_main_ip": "2a05:f480:2c00:1968:5400:05ff:fe26:005e",
            "v6_network": "2a05:f480:2c00:1968::",
            "v6_network_size": 64,
            "vcpu_count": 2,
            "vpc_ids": []
          },
          "sensitive_attributes": [
            [
              {
                "type": "get_attr",
                "value": "default_password"
              }
            ]
          ],
          "private": "eyJlMmJmYjczMC1lY2FhLTExZTYtOGY4OC0zNDM2M2JjN2M0YzAiOnsiY3JlYXRlIjozNjAwMDAwMDAwMDAwLCJ1cGRhdGUiOjM2MDAwMDAwMDAwMDB9fQ=="
        },
        {
          "index_key": "aritokyo",
          "schema_version": 0,
          "attributes": {
            "activation_email": false,
            "allowed_bandwidth": 4,
            "app_id": 0,
            "backups": "disabled",
            "backups_schedule": [],
            "date_created": "2024-10-29T21:58:40+00:00",
            "ddos_protection": false,
            "default_password": "8X?wDYr_-dFH?aFk",
            "disk": 80,
            "enable_ipv6": true,
            "features": [
              "ipv6"
            ],
            "firewall_group_id": "",
            "gateway_v4": "198.13.46.1",
            "hostname": "aritokyo",
            "id": "9be7975f-65ee-4a47-a462-1fdad414a647",
            "image_id": null,
            "internal_ip": "",
            "iso_id": null,
            "kvm": "https://my.vultr.com/subs/vps/novnc/api.php?data=djJ8REFBNUU5aUJPUUJTbDY5ZGhDTkVpWElkSXpIMnRzdW98N6VxmydxRCbdmxsOr2gRHE51JXqPQCC2nmEQ65IYQrnas8CuI8A5PYKk5SyfVyHYu3YOaKeRCvtQGojXHtJDYvbH10hrnNCcNVhoHWA9L6WQ3KeXlzWrJyhkci0iJIMi2A7fv5xPp05EDwpdnHkQsBeEKmNmvbTqBds65VKe83lDRE01rQG2Fe2qQUR2mUJ2bbmJypkB6AHESw",
            "label": "aritokyo",
            "main_ip": "198.13.46.20",
            "netmask_v4": "255.255.254.0",
            "os": "Ubuntu 22.04 x64",
            "os_id": 1743,
            "plan": "vc2-2c-4gb",
            "power_status": "running",
            "private_network_ids": [],
            "ram": 4096,
            "region": "nrt",
            "reserved_ip_id": null,
            "script_id": null,
            "server_status": "ok",
            "snapshot_id": null,
            "ssh_key_ids": [
              "b1062298-c96c-496c-90f8-ce21aaf97417"
            ],
            "status": "active",
            "tag": "",
            "tags": [],
            "timeouts": null,
            "user_data": null,
            "v6_main_ip": "2401:c080:1000:44da:5400:05ff:fe26:0061",
            "v6_network": "2401:c080:1000:44da::",
            "v6_network_size": 64,
            "vcpu_count": 2,
            "vpc_ids": []
          },
          "sensitive_attributes": [
            [
              {
                "type": "get_attr",
                "value": "default_password"
              }
            ]
          ],
          "private": "eyJlMmJmYjczMC1lY2FhLTExZTYtOGY4OC0zNDM2M2JjN2M0YzAiOnsiY3JlYXRlIjozNjAwMDAwMDAwMDAwLCJ1cGRhdGUiOjM2MDAwMDAwMDAwMDB9fQ=="
        },
        {
          "index_key": "aritoronto",
          "schema_version": 0,
          "attributes": {
            "activation_email": false,
            "allowed_bandwidth": 4,
            "app_id": 0,
            "backups": "disabled",
            "backups_schedule": [],
            "date_created": "2024-10-29T21:56:58+00:00",
            "ddos_protection": false,
            "default_password": "U7_sT}R9tUA+@o@)",
            "disk": 80,
            "enable_ipv6": true,
            "features": [
              "ipv6"
            ],
            "firewall_group_id": "",
            "gateway_v4": "149.248.60.1",
            "hostname": "aritoronto",
            "id": "1dcfde28-a7e0-415e-998c-980d47c103a1",
            "image_id": null,
            "internal_ip": "",
            "iso_id": null,
            "kvm": "https://my.vultr.com/subs/vps/novnc/api.php?data=djJ8RVUzcU15X2NlYm1PS1k3S18zYmdTLUNvOHVNd2l6Mld8z0_-GeWJPoeJbJk5QDGbB-tSCTLvZ_sCSxVKSri0MeLABS5kbB2gW9cEI657bcX7rcG99wi1dTvHxAMrnl9cWVpdXPCKWoVoGvuW00bbHqqTsMiOIQzwq0CR7yJ4fvOWaNCAvrIr4XcT3FV9Q-AMqi7wESnXRmvd_GNfCNUY5KcX9wTOdfsm0DtVnc97V0-IbpGYk772Z4_l6ZIM",
            "label": "aritoronto",
            "main_ip": "149.248.60.72",
            "netmask_v4": "255.255.254.0",
            "os": "Ubuntu 22.04 x64",
            "os_id": 1743,
            "plan": "vc2-2c-4gb",
            "power_status": "running",
            "private_network_ids": [],
            "ram": 4096,
            "region": "yto",
            "reserved_ip_id": null,
            "script_id": null,
            "server_status": "ok",
            "snapshot_id": null,
            "ssh_key_ids": [
              "b1062298-c96c-496c-90f8-ce21aaf97417"
            ],
            "status": "active",
            "tag": "",
            "tags": [],
            "timeouts": null,
            "user_data": null,
            "v6_main_ip": "2001:19f0:b002:0b3c:5400:05ff:fe26:002e",
            "v6_network": "2001:19f0:b002:b3c::",
            "v6_network_size": 64,
            "vcpu_count": 2,
            "vpc_ids": []
          },
          "sensitive_attributes": [
            [
              {
                "type": "get_attr",
                "value": "default_password"
              }
            ]
          ],
          "private": "eyJlMmJmYjczMC1lY2FhLTExZTYtOGY4OC0zNDM2M2JjN2M0YzAiOnsiY3JlYXRlIjozNjAwMDAwMDAwMDAwLCJ1cGRhdGUiOjM2MDAwMDAwMDAwMDB9fQ=="
        },
        {
          "index_key": "ariwarsaw",
          "schema_version": 0,
          "attributes": {
            "activation_email": false,
            "allowed_bandwidth": 4,
            "app_id": 0,
            "backups": "disabled",
            "backups_schedule": [],
            "date_created": "2024-10-29T21:58:09+00:00",
            "ddos_protection": false,
            "default_password": "w4T_w_Xn*v%zr*72",
            "disk": 80,
            "enable_ipv6": true,
            "features": [
              "ipv6"
            ],
            "firewall_group_id": "",
            "gateway_v4": "64.176.70.1",
            "hostname": "ariwarsaw",
            "id": "d31ab0fc-0e47-4da1-b5d1-91ccdb924c4c",
            "image_id": null,
            "internal_ip": "",
            "iso_id": null,
            "kvm": "https://my.vultr.com/subs/vps/novnc/api.php?data=djJ8Qms4bk5SUWY5RWltU1BWMEpKVnQ3d0dhVjRmaW4taFd8LVwTzf3LD9JqCRy4FwuNi6Z_l6oUSsSnx5tnMmpn__s3pJrxRmsksIwCqAua4WKLNzuCQ3xxBxvDZ5j8JEZOs3yNwzJM25ckfVySZDoy4VVgLCdtGAiIiEIyepkdYv24rmmQxfOU5Yy_SfozjG0P57WMgYF7G2PlClMUrXGclS1hlf1_hO2BP2rIS6-q0pDOQBKIh67cFAzFvdk",
            "label": "ariwarsaw",
            "main_ip": "64.176.70.41",
            "netmask_v4": "255.255.254.0",
            "os": "Ubuntu 22.04 x64",
            "os_id": 1743,
            "plan": "vc2-2c-4gb",
            "power_status": "running",
            "private_network_ids": [],
            "ram": 4096,
            "region": "waw",
            "reserved_ip_id": null,
            "script_id": null,
            "server_status": "ok",
            "snapshot_id": null,
            "ssh_key_ids": [
              "b1062298-c96c-496c-90f8-ce21aaf97417"
            ],
            "status": "active",
            "tag": "",
            "tags": [],
            "timeouts": null,
            "user_data": null,
            "v6_main_ip": "2a05:f480:2400:16e1:5400:05ff:fe26:005a",
            "v6_network": "2a05:f480:2400:16e1::",
            "v6_network_size": 64,
            "vcpu_count": 2,
            "vpc_ids": []
          },
          "sensitive_attributes": [
            [
              {
                "type": "get_attr",
                "value": "default_password"
              }
            ]
          ],
          "private": "eyJlMmJmYjczMC1lY2FhLTExZTYtOGY4OC0zNDM2M2JjN2M0YzAiOnsiY3JlYXRlIjozNjAwMDAwMDAwMDAwLCJ1cGRhdGUiOjM2MDAwMDAwMDAwMDB9fQ=="
        },
        {
          "index_key": "main",
          "schema_version": 0,
          "attributes": {
            "activation_email": false,
            "allowed_bandwidth": 219,
            "app_id": 0,
            "backups": "disabled",
            "backups_schedule": [],
            "date_created": "2024-10-27T23:37:37+00:00",
            "ddos_protection": false,
            "default_password": "8J@gAdEvUg_CB28u",
            "disk": 80,
            "enable_ipv6": true,
            "features": [
              "ipv6"
            ],
            "firewall_group_id": "",
            "gateway_v4": "45.77.138.1",
            "hostname": "main",
            "id": "a3297250-31ba-4e4e-a6d5-eca6be2161e2",
            "image_id": null,
            "internal_ip": "",
            "iso_id": null,
            "kvm": "https://my.vultr.com/subs/vps/novnc/api.php?data=djJ8U1BJOTFaNnd6eEFRc3BBXzBSTFBhSWVSMDNPcE02aTB8x49pit_4lDA7WYRElTGhzEjmlXi6IeDy1mwPlu2QxapuCpRR82wWP1OSDGjFYuHT_kEqrW-WXMDBfqMgu7FraagvVlxG0JClaKaLqh-z0M3tHdmULKFUmQW51xurCdK4BkUBfJpty_B01mjqheyCXY_aFzEc_IV24PV5xp0lNn8qZm1VPnff1dqqHkSXP87fJjEruCs2",
            "label": "main",
            "main_ip": "45.77.139.91",
            "netmask_v4": "255.255.254.0",
            "os": "Ubuntu 22.04 x64",
            "os_id": 1743,
            "plan": "vc2-2c-4gb",
            "power_status": "running",
            "private_network_ids": [],
            "ram": 4096,
            "region": "ams",
            "reserved_ip_id": null,
            "script_id": null,
            "server_status": "ok",
            "snapshot_id": null,
            "ssh_key_ids": [
              "b1062298-c96c-496c-90f8-ce21aaf97417"
            ],
            "status": "active",
            "tag": "",
            "tags": [],
            "timeouts": null,
            "user_data": null,
            "v6_main_ip": "2001:19f0:5001:1980:5400:05ff:fe25:5c6e",
            "v6_network": "2001:19f0:5001:1980::",
            "v6_network_size": 64,
            "vcpu_count": 2,
            "vpc_ids": []
          },
          "sensitive_attributes": [
            [
              {
                "type": "get_attr",
                "value": "default_password"
              }
            ]
          ],
          "private": "eyJlMmJmYjczMC1lY2FhLTExZTYtOGY4OC0zNDM2M2JjN2M0YzAiOnsiY3JlYXRlIjozNjAwMDAwMDAwMDAwLCJ1cGRhdGUiOjM2MDAwMDAwMDAwMDB9fQ=="
        }
      ]
    }
  ],
  "check_results": null
}
